// !$*UTF8*$!
{
	archiveVersion = 1;
	classes = {
	};
	objectVersion = 55;
	objects = {

/* Begin PBXBuildFile section */
		5745A111281FB5450013EB0C /* CovidCountriesDataStore.swift in Sources */ = {isa = PBXBuildFile; fileRef = 5745A110281FB5450013EB0C /* CovidCountriesDataStore.swift */; };
		5745A112281FB5450013EB0C /* CovidCountriesDataStore.swift in Sources */ = {isa = PBXBuildFile; fileRef = 5745A110281FB5450013EB0C /* CovidCountriesDataStore.swift */; };
		5745A114281FBD780013EB0C /* DebugPrint.swift in Sources */ = {isa = PBXBuildFile; fileRef = 5745A113281FBD780013EB0C /* DebugPrint.swift */; };
		5745A115281FBD780013EB0C /* DebugPrint.swift in Sources */ = {isa = PBXBuildFile; fileRef = 5745A113281FBD780013EB0C /* DebugPrint.swift */; };
		5763EA7728203A2300A7F46D /* LaunchScreen.storyboard in Resources */ = {isa = PBXBuildFile; fileRef = 5763EA7628203A2300A7F46D /* LaunchScreen.storyboard */; };
		5763EA792820D31B00A7F46D /* BGTaskService.swift in Sources */ = {isa = PBXBuildFile; fileRef = 5763EA782820D31B00A7F46D /* BGTaskService.swift */; };
		5763EA7D2820D81C00A7F46D /* FetchCovidCountriesOperation.swift in Sources */ = {isa = PBXBuildFile; fileRef = 5763EA7C2820D81C00A7F46D /* FetchCovidCountriesOperation.swift */; };
		5763EA7F2820DAAB00A7F46D /* AsyncOperation in Frameworks */ = {isa = PBXBuildFile; productRef = 5763EA7E2820DAAB00A7F46D /* AsyncOperation */; };
		5763EA812820DE2100A7F46D /* OperationError.swift in Sources */ = {isa = PBXBuildFile; fileRef = 5763EA802820DE2100A7F46D /* OperationError.swift */; };
		5763EA832820E03100A7F46D /* SaveCovidCountriesToDiskOperation.swift in Sources */ = {isa = PBXBuildFile; fileRef = 5763EA822820E03100A7F46D /* SaveCovidCountriesToDiskOperation.swift */; };
		5763EA852820E20900A7F46D /* RefreshCovidCountriesService.swift in Sources */ = {isa = PBXBuildFile; fileRef = 5763EA842820E20900A7F46D /* RefreshCovidCountriesService.swift */; };
		5763EA8928235A4300A7F46D /* WidgetIntents.intentdefinition in Sources */ = {isa = PBXBuildFile; fileRef = 5763EA8828235A4300A7F46D /* WidgetIntents.intentdefinition */; };
		5763EA9028235B4200A7F46D /* Intents.framework in Frameworks */ = {isa = PBXBuildFile; fileRef = 5763EA8F28235B4200A7F46D /* Intents.framework */; };
		5763EA9328235B4200A7F46D /* IntentHandler.swift in Sources */ = {isa = PBXBuildFile; fileRef = 5763EA9228235B4200A7F46D /* IntentHandler.swift */; };
		5763EAA828235B4200A7F46D /* COVID-19-TrackerIntents.appex in Embed App Extensions */ = {isa = PBXBuildFile; fileRef = 5763EA8E28235B4200A7F46D /* COVID-19-TrackerIntents.appex */; settings = {ATTRIBUTES = (RemoveHeadersOnCopy, ); }; };
		5763EAAF28235BB400A7F46D /* WidgetIntents.intentdefinition in Sources */ = {isa = PBXBuildFile; fileRef = 5763EA8828235A4300A7F46D /* WidgetIntents.intentdefinition */; };
		5763EAB028235BB500A7F46D /* WidgetIntents.intentdefinition in Sources */ = {isa = PBXBuildFile; fileRef = 5763EA8828235A4300A7F46D /* WidgetIntents.intentdefinition */; };
		5763EAB228235C2900A7F46D /* Country+Extensions.swift in Sources */ = {isa = PBXBuildFile; fileRef = 5763EAB128235C2900A7F46D /* Country+Extensions.swift */; };
		5763EAB328235D2900A7F46D /* CovidCountriesDataStore.swift in Sources */ = {isa = PBXBuildFile; fileRef = 5745A110281FB5450013EB0C /* CovidCountriesDataStore.swift */; };
		5763EAB428235D5000A7F46D /* FileManager+Extensions.swift in Sources */ = {isa = PBXBuildFile; fileRef = 57ADE4BE281FAED5002D378D /* FileManager+Extensions.swift */; };
		5763EAB528235DF500A7F46D /* CovidCountryData.swift in Sources */ = {isa = PBXBuildFile; fileRef = 57C6EA94281FE2F70042094A /* CovidCountryData.swift */; };
		5763EAB628235DFF00A7F46D /* String+Extensions.swift in Sources */ = {isa = PBXBuildFile; fileRef = 57DE708A281B146F0042591F /* String+Extensions.swift */; };
		5763EAB728235E0600A7F46D /* Number+Extensions.swift in Sources */ = {isa = PBXBuildFile; fileRef = 57F346C1281C497700B6571A /* Number+Extensions.swift */; };
		5763EAB828235E1100A7F46D /* SortType.swift in Sources */ = {isa = PBXBuildFile; fileRef = 57D53C072816C85A00BFB1D1 /* SortType.swift */; };
		5763EAB928235FE700A7F46D /* Country+Extensions.swift in Sources */ = {isa = PBXBuildFile; fileRef = 5763EAB128235C2900A7F46D /* Country+Extensions.swift */; };
		5763EABB2823629400A7F46D /* Country+Extensions.swift in Sources */ = {isa = PBXBuildFile; fileRef = 5763EAB128235C2900A7F46D /* Country+Extensions.swift */; };
		5763EABD2823646D00A7F46D /* SharedDateFormatter in Frameworks */ = {isa = PBXBuildFile; productRef = 5763EABC2823646D00A7F46D /* SharedDateFormatter */; };
		5763EAC128237B8200A7F46D /* COVID_19_TrackerWidgetBundle.swift in Sources */ = {isa = PBXBuildFile; fileRef = 5763EABF28237B4200A7F46D /* COVID_19_TrackerWidgetBundle.swift */; };
		57ADE455281C52B4002D378D /* CovidInformationView.swift in Sources */ = {isa = PBXBuildFile; fileRef = 57ADE454281C52B4002D378D /* CovidInformationView.swift */; };
		57ADE457281C53CD002D378D /* FootnoteView.swift in Sources */ = {isa = PBXBuildFile; fileRef = 57ADE456281C53CD002D378D /* FootnoteView.swift */; };
		57ADE459281C5E28002D378D /* SFSafariView.swift in Sources */ = {isa = PBXBuildFile; fileRef = 57ADE458281C5E28002D378D /* SFSafariView.swift */; };
		57ADE45D281D090A002D378D /* CovidChartView.swift in Sources */ = {isa = PBXBuildFile; fileRef = 57ADE45C281D090A002D378D /* CovidChartView.swift */; };
		57ADE463281D0DFB002D378D /* Charts in Frameworks */ = {isa = PBXBuildFile; productRef = 57ADE462281D0DFB002D378D /* Charts */; };
		57ADE46A281D3978002D378D /* DateValueFormatter.swift in Sources */ = {isa = PBXBuildFile; fileRef = 57ADE469281D3978002D378D /* DateValueFormatter.swift */; };
		57ADE46C281D3D91002D378D /* LargeValueFormatter.swift in Sources */ = {isa = PBXBuildFile; fileRef = 57ADE46B281D3D91002D378D /* LargeValueFormatter.swift */; };
		57ADE472281D531E002D378D /* CovidLineChartView.swift in Sources */ = {isa = PBXBuildFile; fileRef = 57ADE471281D531E002D378D /* CovidLineChartView.swift */; };
		57ADE475281D551C002D378D /* CovidChartEntry.swift in Sources */ = {isa = PBXBuildFile; fileRef = 57ADE474281D551C002D378D /* CovidChartEntry.swift */; };
		57ADE477281D58C1002D378D /* CovidEntryLegendView.swift in Sources */ = {isa = PBXBuildFile; fileRef = 57ADE476281D58C1002D378D /* CovidEntryLegendView.swift */; };
		57ADE479281D5F27002D378D /* ChartMode.swift in Sources */ = {isa = PBXBuildFile; fileRef = 57ADE478281D5F27002D378D /* ChartMode.swift */; };
		57ADE481281E4320002D378D /* WidgetKit.framework in Frameworks */ = {isa = PBXBuildFile; fileRef = 57ADE480281E4320002D378D /* WidgetKit.framework */; };
		57ADE483281E4320002D378D /* SwiftUI.framework in Frameworks */ = {isa = PBXBuildFile; fileRef = 57ADE482281E4320002D378D /* SwiftUI.framework */; };
		57ADE486281E4320002D378D /* COVID_19_TrackerWidget.swift in Sources */ = {isa = PBXBuildFile; fileRef = 57ADE485281E4320002D378D /* COVID_19_TrackerWidget.swift */; };
		57ADE488281E4323002D378D /* Assets.xcassets in Resources */ = {isa = PBXBuildFile; fileRef = 57ADE487281E4323002D378D /* Assets.xcassets */; };
		57ADE48C281E4323002D378D /* COVID-19-TrackerWidgetExtension.appex in Embed App Extensions */ = {isa = PBXBuildFile; fileRef = 57ADE47F281E4320002D378D /* COVID-19-TrackerWidgetExtension.appex */; settings = {ATTRIBUTES = (RemoveHeadersOnCopy, ); }; };
		57ADE493281E45E4002D378D /* CovidEntry.swift in Sources */ = {isa = PBXBuildFile; fileRef = 57ADE491281E45B6002D378D /* CovidEntry.swift */; };
		57ADE496281E460F002D378D /* CovidIntentTimelineProvider.swift in Sources */ = {isa = PBXBuildFile; fileRef = 57ADE494281E4609002D378D /* CovidIntentTimelineProvider.swift */; };
		57ADE49C281E4BCE002D378D /* String+Extensions.swift in Sources */ = {isa = PBXBuildFile; fileRef = 57DE708A281B146F0042591F /* String+Extensions.swift */; };
		57ADE49D281E4BE2002D378D /* Number+Extensions.swift in Sources */ = {isa = PBXBuildFile; fileRef = 57F346C1281C497700B6571A /* Number+Extensions.swift */; };
		57ADE49F281E4C47002D378D /* SharedDateFormatter in Frameworks */ = {isa = PBXBuildFile; productRef = 57ADE49E281E4C47002D378D /* SharedDateFormatter */; };
		57ADE4A8281E52D5002D378D /* CovidConfirmedRankingView.swift in Sources */ = {isa = PBXBuildFile; fileRef = 57ADE4A6281E52C0002D378D /* CovidConfirmedRankingView.swift */; };
		57ADE4AA281E537A002D378D /* SharedStubs.swift in Sources */ = {isa = PBXBuildFile; fileRef = 57ADE4A9281E537A002D378D /* SharedStubs.swift */; };
		57ADE4AF281E5436002D378D /* CovidEntryStubs.swift in Sources */ = {isa = PBXBuildFile; fileRef = 57ADE4AC281E5424002D378D /* CovidEntryStubs.swift */; };
		57ADE4B5281E5DD9002D378D /* SortType.swift in Sources */ = {isa = PBXBuildFile; fileRef = 57D53C072816C85A00BFB1D1 /* SortType.swift */; };
		57ADE4B6281E864D002D378D /* SharedStubs.swift in Sources */ = {isa = PBXBuildFile; fileRef = 57ADE4A9281E537A002D378D /* SharedStubs.swift */; };
		57ADE4BB281E8EA8002D378D /* ColorPalette in Frameworks */ = {isa = PBXBuildFile; productRef = 57ADE4BA281E8EA8002D378D /* ColorPalette */; };
		57ADE4BD281E8ECA002D378D /* ColorPalette in Frameworks */ = {isa = PBXBuildFile; productRef = 57ADE4BC281E8ECA002D378D /* ColorPalette */; };
		57ADE4BF281FAED5002D378D /* FileManager+Extensions.swift in Sources */ = {isa = PBXBuildFile; fileRef = 57ADE4BE281FAED5002D378D /* FileManager+Extensions.swift */; };
		57ADE4C0281FAED6002D378D /* FileManager+Extensions.swift in Sources */ = {isa = PBXBuildFile; fileRef = 57ADE4BE281FAED5002D378D /* FileManager+Extensions.swift */; };
		57C6EA95281FE2F70042094A /* CovidCountryData.swift in Sources */ = {isa = PBXBuildFile; fileRef = 57C6EA94281FE2F70042094A /* CovidCountryData.swift */; };
		57C6EA96281FE30B0042094A /* CovidCountryData.swift in Sources */ = {isa = PBXBuildFile; fileRef = 57C6EA94281FE2F70042094A /* CovidCountryData.swift */; };
		57C6EA9B281FE6830042094A /* DeeplinkResolver.swift in Sources */ = {isa = PBXBuildFile; fileRef = 57C6EA9A281FE6830042094A /* DeeplinkResolver.swift */; };
		57C6EA9D281FE69A0042094A /* DeeplinkResolver+Targets.swift in Sources */ = {isa = PBXBuildFile; fileRef = 57C6EA9C281FE69A0042094A /* DeeplinkResolver+Targets.swift */; };
		57C6EAA0281FF0F60042094A /* URL+Extensions.swift in Sources */ = {isa = PBXBuildFile; fileRef = 57C6EA9F281FF0F60042094A /* URL+Extensions.swift */; };
		57C6EAA2281FF92F0042094A /* Deeplink.swift in Sources */ = {isa = PBXBuildFile; fileRef = 57C6EAA1281FF92F0042094A /* Deeplink.swift */; };
		57D53C082816C85A00BFB1D1 /* SortType.swift in Sources */ = {isa = PBXBuildFile; fileRef = 57D53C072816C85A00BFB1D1 /* SortType.swift */; };
		57D53C0D28171E1500BFB1D1 /* CountryListAvailable+Reducer.swift in Sources */ = {isa = PBXBuildFile; fileRef = 57D53C0C28171E1500BFB1D1 /* CountryListAvailable+Reducer.swift */; };
		57DB770628145CAA004C052B /* COVID_19_TrackerApp.swift in Sources */ = {isa = PBXBuildFile; fileRef = 57DB770528145CAA004C052B /* COVID_19_TrackerApp.swift */; };
		57DB770A28145CAB004C052B /* Assets.xcassets in Resources */ = {isa = PBXBuildFile; fileRef = 57DB770928145CAB004C052B /* Assets.xcassets */; };
		57DB770D28145CAB004C052B /* Preview Assets.xcassets in Resources */ = {isa = PBXBuildFile; fileRef = 57DB770C28145CAB004C052B /* Preview Assets.xcassets */; };
		57DB771728145CAB004C052B /* COVID_19_TrackerTests.swift in Sources */ = {isa = PBXBuildFile; fileRef = 57DB771628145CAB004C052B /* COVID_19_TrackerTests.swift */; };
		57DB773C28145CD4004C052B /* Networking in Resources */ = {isa = PBXBuildFile; fileRef = 57DB773028145CD3004C052B /* Networking */; };
		57DB773D28145CD4004C052B /* SharedDateFormatter in Resources */ = {isa = PBXBuildFile; fileRef = 57DB773128145CD3004C052B /* SharedDateFormatter */; };
		57DB773E28145CD4004C052B /* CountryList+Reducer.swift in Sources */ = {isa = PBXBuildFile; fileRef = 57DB773428145CD3004C052B /* CountryList+Reducer.swift */; };
		57DB773F28145CD4004C052B /* CountryList+Environment.swift in Sources */ = {isa = PBXBuildFile; fileRef = 57DB773528145CD3004C052B /* CountryList+Environment.swift */; };
		57DB774028145CD4004C052B /* CountryListView.swift in Sources */ = {isa = PBXBuildFile; fileRef = 57DB773628145CD3004C052B /* CountryListView.swift */; };
		57DB774128145CD4004C052B /* CovidCountriesResponse.swift in Sources */ = {isa = PBXBuildFile; fileRef = 57DB773928145CD3004C052B /* CovidCountriesResponse.swift */; };
		57DB774228145CD4004C052B /* CountryListUseCase.swift in Sources */ = {isa = PBXBuildFile; fileRef = 57DB773A28145CD3004C052B /* CountryListUseCase.swift */; };
		57DB774328145CD4004C052B /* CountryListEndpoint.swift in Sources */ = {isa = PBXBuildFile; fileRef = 57DB773B28145CD3004C052B /* CountryListEndpoint.swift */; };
		57DB774628145CE8004C052B /* Networking in Frameworks */ = {isa = PBXBuildFile; productRef = 57DB774528145CE8004C052B /* Networking */; };
		57DB774828145CE8004C052B /* SharedDateFormatter in Frameworks */ = {isa = PBXBuildFile; productRef = 57DB774728145CE8004C052B /* SharedDateFormatter */; };
		57DB774B28145D12004C052B /* ComposableArchitecture in Frameworks */ = {isa = PBXBuildFile; productRef = 57DB774A28145D12004C052B /* ComposableArchitecture */; };
		57DB775028145E5F004C052B /* CountryListContentView.swift in Sources */ = {isa = PBXBuildFile; fileRef = 57DB774F28145E5F004C052B /* CountryListContentView.swift */; };
		57DB775228145E7E004C052B /* CountryListContent+Reducer.swift in Sources */ = {isa = PBXBuildFile; fileRef = 57DB775128145E7E004C052B /* CountryListContent+Reducer.swift */; };
		57DB775428146199004C052B /* CountryListStubs.swift in Sources */ = {isa = PBXBuildFile; fileRef = 57DB775328146199004C052B /* CountryListStubs.swift */; };
		57DB775828146A43004C052B /* CovidCountryCardView.swift in Sources */ = {isa = PBXBuildFile; fileRef = 57DB775728146A43004C052B /* CovidCountryCardView.swift */; };
		57DB775B2814E2E1004C052B /* CovidCountryCard+Reducer.swift in Sources */ = {isa = PBXBuildFile; fileRef = 57DB775A2814E2E1004C052B /* CovidCountryCard+Reducer.swift */; };
		57DE706B28171FD60042591F /* CountryListAvailableView.swift in Sources */ = {isa = PBXBuildFile; fileRef = 57DE706A28171FD60042591F /* CountryListAvailableView.swift */; };
		57DE706D2819BB8E0042591F /* CountryListNavigationView.swift in Sources */ = {isa = PBXBuildFile; fileRef = 57DE706C2819BB8E0042591F /* CountryListNavigationView.swift */; };
		57DE70722819C6660042591F /* AlertToast in Frameworks */ = {isa = PBXBuildFile; productRef = 57DE70712819C6660042591F /* AlertToast */; };
		57DE70742819C6A10042591F /* ToastState.swift in Sources */ = {isa = PBXBuildFile; fileRef = 57DE70732819C6A10042591F /* ToastState.swift */; };
		57DE7079281AC58B0042591F /* View+Extensions.swift in Sources */ = {isa = PBXBuildFile; fileRef = 57DE7078281AC58B0042591F /* View+Extensions.swift */; };
		57DE707B281AC86A0042591F /* EnvironmentValues+Extensions.swift in Sources */ = {isa = PBXBuildFile; fileRef = 57DE707A281AC86A0042591F /* EnvironmentValues+Extensions.swift */; };
		57DE707E281B05D70042591F /* CountryListErrorView.swift in Sources */ = {isa = PBXBuildFile; fileRef = 57DE707D281B05D70042591F /* CountryListErrorView.swift */; };
		57DE7080281B0A640042591F /* CountryListError+Reducer.swift in Sources */ = {isa = PBXBuildFile; fileRef = 57DE707F281B0A640042591F /* CountryListError+Reducer.swift */; };
		57DE7083281B0B0A0042591F /* CountryListEmptyView.swift in Sources */ = {isa = PBXBuildFile; fileRef = 57DE7082281B0B0A0042591F /* CountryListEmptyView.swift */; };
		57DE7085281B124A0042591F /* CountryList+UIState.swift in Sources */ = {isa = PBXBuildFile; fileRef = 57DE7084281B124A0042591F /* CountryList+UIState.swift */; };
		57DE7087281B128D0042591F /* CountryListContent+ContentState.swift in Sources */ = {isa = PBXBuildFile; fileRef = 57DE7086281B128D0042591F /* CountryListContent+ContentState.swift */; };
		57DE7089281B135E0042591F /* CovidCountryCard+Style.swift in Sources */ = {isa = PBXBuildFile; fileRef = 57DE7088281B135E0042591F /* CovidCountryCard+Style.swift */; };
		57DE708B281B146F0042591F /* String+Extensions.swift in Sources */ = {isa = PBXBuildFile; fileRef = 57DE708A281B146F0042591F /* String+Extensions.swift */; };
		57DE7091281BD1110042591F /* CountryDetailView.swift in Sources */ = {isa = PBXBuildFile; fileRef = 57DE7090281BD1110042591F /* CountryDetailView.swift */; };
		57DE7093281BED9A0042591F /* CountryDetail+Reducer.swift in Sources */ = {isa = PBXBuildFile; fileRef = 57DE7092281BED9A0042591F /* CountryDetail+Reducer.swift */; };
		57DE7095281BFD0F0042591F /* UINavigationController+Extensions.swift in Sources */ = {isa = PBXBuildFile; fileRef = 57DE7094281BFD0F0042591F /* UINavigationController+Extensions.swift */; };
		57F346C0281C3CAF00B6571A /* CountryDetailStubs.swift in Sources */ = {isa = PBXBuildFile; fileRef = 57F346BF281C3CAE00B6571A /* CountryDetailStubs.swift */; };
		57F346C2281C497700B6571A /* Number+Extensions.swift in Sources */ = {isa = PBXBuildFile; fileRef = 57F346C1281C497700B6571A /* Number+Extensions.swift */; };
		57F346C5281C4CE800B6571A /* CovidStatisticsView.swift in Sources */ = {isa = PBXBuildFile; fileRef = 57F346C4281C4CE800B6571A /* CovidStatisticsView.swift */; };
/* End PBXBuildFile section */

/* Begin PBXContainerItemProxy section */
		5763EAA628235B4200A7F46D /* PBXContainerItemProxy */ = {
			isa = PBXContainerItemProxy;
			containerPortal = 57DB76FA28145CAA004C052B /* Project object */;
			proxyType = 1;
			remoteGlobalIDString = 5763EA8D28235B4200A7F46D;
			remoteInfo = "COVID-19-TrackerIntents";
		};
		57ADE48A281E4323002D378D /* PBXContainerItemProxy */ = {
			isa = PBXContainerItemProxy;
			containerPortal = 57DB76FA28145CAA004C052B /* Project object */;
			proxyType = 1;
			remoteGlobalIDString = 57ADE47E281E4320002D378D;
			remoteInfo = "COVID-19-TrackerWidgetExtension";
		};
		57DB771328145CAB004C052B /* PBXContainerItemProxy */ = {
			isa = PBXContainerItemProxy;
			containerPortal = 57DB76FA28145CAA004C052B /* Project object */;
			proxyType = 1;
			remoteGlobalIDString = 57DB770128145CAA004C052B;
			remoteInfo = "COVID-19-Tracker";
		};
/* End PBXContainerItemProxy section */

/* Begin PBXCopyFilesBuildPhase section */
		57ADE490281E4323002D378D /* Embed App Extensions */ = {
			isa = PBXCopyFilesBuildPhase;
			buildActionMask = 2147483647;
			dstPath = "";
			dstSubfolderSpec = 13;
			files = (
				57ADE48C281E4323002D378D /* COVID-19-TrackerWidgetExtension.appex in Embed App Extensions */,
				5763EAA828235B4200A7F46D /* COVID-19-TrackerIntents.appex in Embed App Extensions */,
			);
			name = "Embed App Extensions";
			runOnlyForDeploymentPostprocessing = 0;
		};
/* End PBXCopyFilesBuildPhase section */

/* Begin PBXFileReference section */
		5745A110281FB5450013EB0C /* CovidCountriesDataStore.swift */ = {isa = PBXFileReference; lastKnownFileType = sourcecode.swift; path = CovidCountriesDataStore.swift; sourceTree = "<group>"; };
		5745A113281FBD780013EB0C /* DebugPrint.swift */ = {isa = PBXFileReference; lastKnownFileType = sourcecode.swift; path = DebugPrint.swift; sourceTree = "<group>"; };
		5763EA7628203A2300A7F46D /* LaunchScreen.storyboard */ = {isa = PBXFileReference; lastKnownFileType = file.storyboard; path = LaunchScreen.storyboard; sourceTree = "<group>"; };
		5763EA782820D31B00A7F46D /* BGTaskService.swift */ = {isa = PBXFileReference; lastKnownFileType = sourcecode.swift; path = BGTaskService.swift; sourceTree = "<group>"; };
		5763EA7A2820D6D400A7F46D /* AsyncOperation */ = {isa = PBXFileReference; lastKnownFileType = wrapper; path = AsyncOperation; sourceTree = "<group>"; };
		5763EA7C2820D81C00A7F46D /* FetchCovidCountriesOperation.swift */ = {isa = PBXFileReference; lastKnownFileType = sourcecode.swift; path = FetchCovidCountriesOperation.swift; sourceTree = "<group>"; };
		5763EA802820DE2100A7F46D /* OperationError.swift */ = {isa = PBXFileReference; lastKnownFileType = sourcecode.swift; path = OperationError.swift; sourceTree = "<group>"; };
		5763EA822820E03100A7F46D /* SaveCovidCountriesToDiskOperation.swift */ = {isa = PBXFileReference; lastKnownFileType = sourcecode.swift; path = SaveCovidCountriesToDiskOperation.swift; sourceTree = "<group>"; };
		5763EA842820E20900A7F46D /* RefreshCovidCountriesService.swift */ = {isa = PBXFileReference; lastKnownFileType = sourcecode.swift; path = RefreshCovidCountriesService.swift; sourceTree = "<group>"; };
		5763EA8828235A4300A7F46D /* WidgetIntents.intentdefinition */ = {isa = PBXFileReference; lastKnownFileType = file.intentdefinition; path = WidgetIntents.intentdefinition; sourceTree = "<group>"; };
		5763EA8E28235B4200A7F46D /* COVID-19-TrackerIntents.appex */ = {isa = PBXFileReference; explicitFileType = "wrapper.app-extension"; includeInIndex = 0; path = "COVID-19-TrackerIntents.appex"; sourceTree = BUILT_PRODUCTS_DIR; };
		5763EA8F28235B4200A7F46D /* Intents.framework */ = {isa = PBXFileReference; lastKnownFileType = wrapper.framework; name = Intents.framework; path = System/Library/Frameworks/Intents.framework; sourceTree = SDKROOT; };
		5763EA9228235B4200A7F46D /* IntentHandler.swift */ = {isa = PBXFileReference; lastKnownFileType = sourcecode.swift; path = IntentHandler.swift; sourceTree = "<group>"; };
		5763EA9428235B4200A7F46D /* Info.plist */ = {isa = PBXFileReference; lastKnownFileType = text.plist.xml; path = Info.plist; sourceTree = "<group>"; };
		5763EA9A28235B4200A7F46D /* IntentsUI.framework */ = {isa = PBXFileReference; lastKnownFileType = wrapper.framework; name = IntentsUI.framework; path = System/Library/Frameworks/IntentsUI.framework; sourceTree = SDKROOT; };
		5763EAB128235C2900A7F46D /* Country+Extensions.swift */ = {isa = PBXFileReference; lastKnownFileType = sourcecode.swift; path = "Country+Extensions.swift"; sourceTree = "<group>"; };
		5763EABE2823661400A7F46D /* COVID-19-TrackerIntents.entitlements */ = {isa = PBXFileReference; lastKnownFileType = text.plist.entitlements; path = "COVID-19-TrackerIntents.entitlements"; sourceTree = "<group>"; };
		5763EABF28237B4200A7F46D /* COVID_19_TrackerWidgetBundle.swift */ = {isa = PBXFileReference; lastKnownFileType = sourcecode.swift; path = COVID_19_TrackerWidgetBundle.swift; sourceTree = "<group>"; };
		57ADE454281C52B4002D378D /* CovidInformationView.swift */ = {isa = PBXFileReference; lastKnownFileType = sourcecode.swift; path = CovidInformationView.swift; sourceTree = "<group>"; };
		57ADE456281C53CD002D378D /* FootnoteView.swift */ = {isa = PBXFileReference; lastKnownFileType = sourcecode.swift; path = FootnoteView.swift; sourceTree = "<group>"; };
		57ADE458281C5E28002D378D /* SFSafariView.swift */ = {isa = PBXFileReference; lastKnownFileType = sourcecode.swift; path = SFSafariView.swift; sourceTree = "<group>"; };
		57ADE45C281D090A002D378D /* CovidChartView.swift */ = {isa = PBXFileReference; lastKnownFileType = sourcecode.swift; path = CovidChartView.swift; sourceTree = "<group>"; };
		57ADE469281D3978002D378D /* DateValueFormatter.swift */ = {isa = PBXFileReference; lastKnownFileType = sourcecode.swift; path = DateValueFormatter.swift; sourceTree = "<group>"; };
		57ADE46B281D3D91002D378D /* LargeValueFormatter.swift */ = {isa = PBXFileReference; lastKnownFileType = sourcecode.swift; path = LargeValueFormatter.swift; sourceTree = "<group>"; };
		57ADE471281D531E002D378D /* CovidLineChartView.swift */ = {isa = PBXFileReference; lastKnownFileType = sourcecode.swift; path = CovidLineChartView.swift; sourceTree = "<group>"; };
		57ADE474281D551C002D378D /* CovidChartEntry.swift */ = {isa = PBXFileReference; lastKnownFileType = sourcecode.swift; path = CovidChartEntry.swift; sourceTree = "<group>"; };
		57ADE476281D58C1002D378D /* CovidEntryLegendView.swift */ = {isa = PBXFileReference; lastKnownFileType = sourcecode.swift; path = CovidEntryLegendView.swift; sourceTree = "<group>"; };
		57ADE478281D5F27002D378D /* ChartMode.swift */ = {isa = PBXFileReference; lastKnownFileType = sourcecode.swift; path = ChartMode.swift; sourceTree = "<group>"; };
		57ADE47F281E4320002D378D /* COVID-19-TrackerWidgetExtension.appex */ = {isa = PBXFileReference; explicitFileType = "wrapper.app-extension"; includeInIndex = 0; path = "COVID-19-TrackerWidgetExtension.appex"; sourceTree = BUILT_PRODUCTS_DIR; };
		57ADE480281E4320002D378D /* WidgetKit.framework */ = {isa = PBXFileReference; lastKnownFileType = wrapper.framework; name = WidgetKit.framework; path = System/Library/Frameworks/WidgetKit.framework; sourceTree = SDKROOT; };
		57ADE482281E4320002D378D /* SwiftUI.framework */ = {isa = PBXFileReference; lastKnownFileType = wrapper.framework; name = SwiftUI.framework; path = System/Library/Frameworks/SwiftUI.framework; sourceTree = SDKROOT; };
		57ADE485281E4320002D378D /* COVID_19_TrackerWidget.swift */ = {isa = PBXFileReference; lastKnownFileType = sourcecode.swift; path = COVID_19_TrackerWidget.swift; sourceTree = "<group>"; };
		57ADE487281E4323002D378D /* Assets.xcassets */ = {isa = PBXFileReference; lastKnownFileType = folder.assetcatalog; path = Assets.xcassets; sourceTree = "<group>"; };
		57ADE489281E4323002D378D /* Info.plist */ = {isa = PBXFileReference; lastKnownFileType = text.plist.xml; path = Info.plist; sourceTree = "<group>"; };
		57ADE491281E45B6002D378D /* CovidEntry.swift */ = {isa = PBXFileReference; lastKnownFileType = sourcecode.swift; path = CovidEntry.swift; sourceTree = "<group>"; };
		57ADE494281E4609002D378D /* CovidIntentTimelineProvider.swift */ = {isa = PBXFileReference; lastKnownFileType = sourcecode.swift; path = CovidIntentTimelineProvider.swift; sourceTree = "<group>"; };
		57ADE4A6281E52C0002D378D /* CovidConfirmedRankingView.swift */ = {isa = PBXFileReference; lastKnownFileType = sourcecode.swift; path = CovidConfirmedRankingView.swift; sourceTree = "<group>"; };
		57ADE4A9281E537A002D378D /* SharedStubs.swift */ = {isa = PBXFileReference; lastKnownFileType = sourcecode.swift; path = SharedStubs.swift; sourceTree = "<group>"; };
		57ADE4AC281E5424002D378D /* CovidEntryStubs.swift */ = {isa = PBXFileReference; lastKnownFileType = sourcecode.swift; path = CovidEntryStubs.swift; sourceTree = "<group>"; };
		57ADE4B7281E8B32002D378D /* COVID-19-Tracker.entitlements */ = {isa = PBXFileReference; lastKnownFileType = text.plist.entitlements; path = "COVID-19-Tracker.entitlements"; sourceTree = "<group>"; };
		57ADE4B8281E8C65002D378D /* COVID-19-TrackerWidgetExtension.entitlements */ = {isa = PBXFileReference; lastKnownFileType = text.plist.entitlements; path = "COVID-19-TrackerWidgetExtension.entitlements"; sourceTree = "<group>"; };
		57ADE4B9281E8DDF002D378D /* ColorPalette */ = {isa = PBXFileReference; lastKnownFileType = wrapper; path = ColorPalette; sourceTree = "<group>"; };
		57ADE4BE281FAED5002D378D /* FileManager+Extensions.swift */ = {isa = PBXFileReference; lastKnownFileType = sourcecode.swift; path = "FileManager+Extensions.swift"; sourceTree = "<group>"; };
		57C6EA94281FE2F70042094A /* CovidCountryData.swift */ = {isa = PBXFileReference; lastKnownFileType = sourcecode.swift; path = CovidCountryData.swift; sourceTree = "<group>"; };
		57C6EA99281FE50B0042094A /* Info.plist */ = {isa = PBXFileReference; lastKnownFileType = text.plist; path = Info.plist; sourceTree = "<group>"; };
		57C6EA9A281FE6830042094A /* DeeplinkResolver.swift */ = {isa = PBXFileReference; lastKnownFileType = sourcecode.swift; path = DeeplinkResolver.swift; sourceTree = "<group>"; };
		57C6EA9C281FE69A0042094A /* DeeplinkResolver+Targets.swift */ = {isa = PBXFileReference; lastKnownFileType = sourcecode.swift; path = "DeeplinkResolver+Targets.swift"; sourceTree = "<group>"; };
		57C6EA9F281FF0F60042094A /* URL+Extensions.swift */ = {isa = PBXFileReference; lastKnownFileType = sourcecode.swift; path = "URL+Extensions.swift"; sourceTree = "<group>"; };
		57C6EAA1281FF92F0042094A /* Deeplink.swift */ = {isa = PBXFileReference; lastKnownFileType = sourcecode.swift; path = Deeplink.swift; sourceTree = "<group>"; };
		57D53C072816C85A00BFB1D1 /* SortType.swift */ = {isa = PBXFileReference; lastKnownFileType = sourcecode.swift; path = SortType.swift; sourceTree = "<group>"; };
		57D53C0C28171E1500BFB1D1 /* CountryListAvailable+Reducer.swift */ = {isa = PBXFileReference; lastKnownFileType = sourcecode.swift; path = "CountryListAvailable+Reducer.swift"; sourceTree = "<group>"; };
		57DB770228145CAA004C052B /* COVID-19-Tracker.app */ = {isa = PBXFileReference; explicitFileType = wrapper.application; includeInIndex = 0; path = "COVID-19-Tracker.app"; sourceTree = BUILT_PRODUCTS_DIR; };
		57DB770528145CAA004C052B /* COVID_19_TrackerApp.swift */ = {isa = PBXFileReference; lastKnownFileType = sourcecode.swift; path = COVID_19_TrackerApp.swift; sourceTree = "<group>"; };
		57DB770928145CAB004C052B /* Assets.xcassets */ = {isa = PBXFileReference; lastKnownFileType = folder.assetcatalog; path = Assets.xcassets; sourceTree = "<group>"; };
		57DB770C28145CAB004C052B /* Preview Assets.xcassets */ = {isa = PBXFileReference; lastKnownFileType = folder.assetcatalog; path = "Preview Assets.xcassets"; sourceTree = "<group>"; };
		57DB771228145CAB004C052B /* COVID-19-TrackerTests.xctest */ = {isa = PBXFileReference; explicitFileType = wrapper.cfbundle; includeInIndex = 0; path = "COVID-19-TrackerTests.xctest"; sourceTree = BUILT_PRODUCTS_DIR; };
		57DB771628145CAB004C052B /* COVID_19_TrackerTests.swift */ = {isa = PBXFileReference; lastKnownFileType = sourcecode.swift; path = COVID_19_TrackerTests.swift; sourceTree = "<group>"; };
		57DB773028145CD3004C052B /* Networking */ = {isa = PBXFileReference; lastKnownFileType = wrapper; path = Networking; sourceTree = "<group>"; };
		57DB773128145CD3004C052B /* SharedDateFormatter */ = {isa = PBXFileReference; lastKnownFileType = wrapper; path = SharedDateFormatter; sourceTree = "<group>"; };
		57DB773428145CD3004C052B /* CountryList+Reducer.swift */ = {isa = PBXFileReference; fileEncoding = 4; lastKnownFileType = sourcecode.swift; path = "CountryList+Reducer.swift"; sourceTree = "<group>"; };
		57DB773528145CD3004C052B /* CountryList+Environment.swift */ = {isa = PBXFileReference; fileEncoding = 4; lastKnownFileType = sourcecode.swift; path = "CountryList+Environment.swift"; sourceTree = "<group>"; };
		57DB773628145CD3004C052B /* CountryListView.swift */ = {isa = PBXFileReference; fileEncoding = 4; lastKnownFileType = sourcecode.swift; path = CountryListView.swift; sourceTree = "<group>"; };
		57DB773928145CD3004C052B /* CovidCountriesResponse.swift */ = {isa = PBXFileReference; fileEncoding = 4; lastKnownFileType = sourcecode.swift; path = CovidCountriesResponse.swift; sourceTree = "<group>"; };
		57DB773A28145CD3004C052B /* CountryListUseCase.swift */ = {isa = PBXFileReference; fileEncoding = 4; lastKnownFileType = sourcecode.swift; path = CountryListUseCase.swift; sourceTree = "<group>"; };
		57DB773B28145CD3004C052B /* CountryListEndpoint.swift */ = {isa = PBXFileReference; fileEncoding = 4; lastKnownFileType = sourcecode.swift; path = CountryListEndpoint.swift; sourceTree = "<group>"; };
		57DB774F28145E5F004C052B /* CountryListContentView.swift */ = {isa = PBXFileReference; lastKnownFileType = sourcecode.swift; path = CountryListContentView.swift; sourceTree = "<group>"; };
		57DB775128145E7E004C052B /* CountryListContent+Reducer.swift */ = {isa = PBXFileReference; lastKnownFileType = sourcecode.swift; path = "CountryListContent+Reducer.swift"; sourceTree = "<group>"; };
		57DB775328146199004C052B /* CountryListStubs.swift */ = {isa = PBXFileReference; lastKnownFileType = sourcecode.swift; path = CountryListStubs.swift; sourceTree = "<group>"; };
		57DB775728146A43004C052B /* CovidCountryCardView.swift */ = {isa = PBXFileReference; lastKnownFileType = sourcecode.swift; path = CovidCountryCardView.swift; sourceTree = "<group>"; };
		57DB775A2814E2E1004C052B /* CovidCountryCard+Reducer.swift */ = {isa = PBXFileReference; lastKnownFileType = sourcecode.swift; path = "CovidCountryCard+Reducer.swift"; sourceTree = "<group>"; };
		57DE706A28171FD60042591F /* CountryListAvailableView.swift */ = {isa = PBXFileReference; lastKnownFileType = sourcecode.swift; path = CountryListAvailableView.swift; sourceTree = "<group>"; };
		57DE706C2819BB8E0042591F /* CountryListNavigationView.swift */ = {isa = PBXFileReference; lastKnownFileType = sourcecode.swift; path = CountryListNavigationView.swift; sourceTree = "<group>"; };
		57DE70732819C6A10042591F /* ToastState.swift */ = {isa = PBXFileReference; lastKnownFileType = sourcecode.swift; path = ToastState.swift; sourceTree = "<group>"; };
		57DE7078281AC58B0042591F /* View+Extensions.swift */ = {isa = PBXFileReference; lastKnownFileType = sourcecode.swift; path = "View+Extensions.swift"; sourceTree = "<group>"; };
		57DE707A281AC86A0042591F /* EnvironmentValues+Extensions.swift */ = {isa = PBXFileReference; lastKnownFileType = sourcecode.swift; path = "EnvironmentValues+Extensions.swift"; sourceTree = "<group>"; };
		57DE707D281B05D70042591F /* CountryListErrorView.swift */ = {isa = PBXFileReference; lastKnownFileType = sourcecode.swift; path = CountryListErrorView.swift; sourceTree = "<group>"; };
		57DE707F281B0A640042591F /* CountryListError+Reducer.swift */ = {isa = PBXFileReference; lastKnownFileType = sourcecode.swift; path = "CountryListError+Reducer.swift"; sourceTree = "<group>"; };
		57DE7082281B0B0A0042591F /* CountryListEmptyView.swift */ = {isa = PBXFileReference; lastKnownFileType = sourcecode.swift; path = CountryListEmptyView.swift; sourceTree = "<group>"; };
		57DE7084281B124A0042591F /* CountryList+UIState.swift */ = {isa = PBXFileReference; lastKnownFileType = sourcecode.swift; path = "CountryList+UIState.swift"; sourceTree = "<group>"; };
		57DE7086281B128D0042591F /* CountryListContent+ContentState.swift */ = {isa = PBXFileReference; lastKnownFileType = sourcecode.swift; path = "CountryListContent+ContentState.swift"; sourceTree = "<group>"; };
		57DE7088281B135E0042591F /* CovidCountryCard+Style.swift */ = {isa = PBXFileReference; lastKnownFileType = sourcecode.swift; path = "CovidCountryCard+Style.swift"; sourceTree = "<group>"; };
		57DE708A281B146F0042591F /* String+Extensions.swift */ = {isa = PBXFileReference; lastKnownFileType = sourcecode.swift; path = "String+Extensions.swift"; sourceTree = "<group>"; };
		57DE7090281BD1110042591F /* CountryDetailView.swift */ = {isa = PBXFileReference; lastKnownFileType = sourcecode.swift; path = CountryDetailView.swift; sourceTree = "<group>"; };
		57DE7092281BED9A0042591F /* CountryDetail+Reducer.swift */ = {isa = PBXFileReference; lastKnownFileType = sourcecode.swift; path = "CountryDetail+Reducer.swift"; sourceTree = "<group>"; };
		57DE7094281BFD0F0042591F /* UINavigationController+Extensions.swift */ = {isa = PBXFileReference; lastKnownFileType = sourcecode.swift; path = "UINavigationController+Extensions.swift"; sourceTree = "<group>"; };
		57F346BF281C3CAE00B6571A /* CountryDetailStubs.swift */ = {isa = PBXFileReference; lastKnownFileType = sourcecode.swift; path = CountryDetailStubs.swift; sourceTree = "<group>"; };
		57F346C1281C497700B6571A /* Number+Extensions.swift */ = {isa = PBXFileReference; lastKnownFileType = sourcecode.swift; path = "Number+Extensions.swift"; sourceTree = "<group>"; };
		57F346C4281C4CE800B6571A /* CovidStatisticsView.swift */ = {isa = PBXFileReference; lastKnownFileType = sourcecode.swift; path = CovidStatisticsView.swift; sourceTree = "<group>"; };
/* End PBXFileReference section */

/* Begin PBXFrameworksBuildPhase section */
		5763EA8B28235B4200A7F46D /* Frameworks */ = {
			isa = PBXFrameworksBuildPhase;
			buildActionMask = 2147483647;
			files = (
				5763EABD2823646D00A7F46D /* SharedDateFormatter in Frameworks */,
				5763EA9028235B4200A7F46D /* Intents.framework in Frameworks */,
			);
			runOnlyForDeploymentPostprocessing = 0;
		};
		57ADE47C281E4320002D378D /* Frameworks */ = {
			isa = PBXFrameworksBuildPhase;
			buildActionMask = 2147483647;
			files = (
				57ADE49F281E4C47002D378D /* SharedDateFormatter in Frameworks */,
				57ADE483281E4320002D378D /* SwiftUI.framework in Frameworks */,
				57ADE4BD281E8ECA002D378D /* ColorPalette in Frameworks */,
				57ADE481281E4320002D378D /* WidgetKit.framework in Frameworks */,
			);
			runOnlyForDeploymentPostprocessing = 0;
		};
		57DB76FF28145CAA004C052B /* Frameworks */ = {
			isa = PBXFrameworksBuildPhase;
			buildActionMask = 2147483647;
			files = (
				57DB774828145CE8004C052B /* SharedDateFormatter in Frameworks */,
				57ADE463281D0DFB002D378D /* Charts in Frameworks */,
				57DE70722819C6660042591F /* AlertToast in Frameworks */,
				57DB774628145CE8004C052B /* Networking in Frameworks */,
				57ADE4BB281E8EA8002D378D /* ColorPalette in Frameworks */,
				5763EA7F2820DAAB00A7F46D /* AsyncOperation in Frameworks */,
				57DB774B28145D12004C052B /* ComposableArchitecture in Frameworks */,
			);
			runOnlyForDeploymentPostprocessing = 0;
		};
		57DB770F28145CAB004C052B /* Frameworks */ = {
			isa = PBXFrameworksBuildPhase;
			buildActionMask = 2147483647;
			files = (
			);
			runOnlyForDeploymentPostprocessing = 0;
		};
/* End PBXFrameworksBuildPhase section */

/* Begin PBXGroup section */
		5763EA7B2820D7FE00A7F46D /* Operations */ = {
			isa = PBXGroup;
			children = (
				5763EA7C2820D81C00A7F46D /* FetchCovidCountriesOperation.swift */,
				5763EA822820E03100A7F46D /* SaveCovidCountriesToDiskOperation.swift */,
				5763EA802820DE2100A7F46D /* OperationError.swift */,
			);
			path = Operations;
			sourceTree = "<group>";
		};
		5763EA862820E22A00A7F46D /* BGTaskService */ = {
			isa = PBXGroup;
			children = (
				5763EA782820D31B00A7F46D /* BGTaskService.swift */,
				5763EA842820E20900A7F46D /* RefreshCovidCountriesService.swift */,
			);
			path = BGTaskService;
			sourceTree = "<group>";
		};
		5763EA9128235B4200A7F46D /* COVID-19-TrackerIntents */ = {
			isa = PBXGroup;
			children = (
				5763EABE2823661400A7F46D /* COVID-19-TrackerIntents.entitlements */,
				5763EA9228235B4200A7F46D /* IntentHandler.swift */,
				5763EA9428235B4200A7F46D /* Info.plist */,
			);
			path = "COVID-19-TrackerIntents";
			sourceTree = "<group>";
		};
		57ADE473281D5516002D378D /* Models */ = {
			isa = PBXGroup;
			children = (
				57ADE474281D551C002D378D /* CovidChartEntry.swift */,
				57ADE478281D5F27002D378D /* ChartMode.swift */,
			);
			path = Models;
			sourceTree = "<group>";
		};
		57ADE47A281E3D56002D378D /* ChartFormatter */ = {
			isa = PBXGroup;
			children = (
				57ADE469281D3978002D378D /* DateValueFormatter.swift */,
				57ADE46B281D3D91002D378D /* LargeValueFormatter.swift */,
			);
			path = ChartFormatter;
			sourceTree = "<group>";
		};
		57ADE484281E4320002D378D /* COVID-19-TrackerWidget */ = {
			isa = PBXGroup;
			children = (
				57ADE4B8281E8C65002D378D /* COVID-19-TrackerWidgetExtension.entitlements */,
				5763EABF28237B4200A7F46D /* COVID_19_TrackerWidgetBundle.swift */,
				57ADE485281E4320002D378D /* COVID_19_TrackerWidget.swift */,
				57ADE4AE281E542F002D378D /* Entries */,
				57ADE4B0281E543B002D378D /* Timelines */,
				57ADE4A5281E529B002D378D /* WidgetViews */,
				57ADE487281E4323002D378D /* Assets.xcassets */,
				57ADE489281E4323002D378D /* Info.plist */,
			);
			path = "COVID-19-TrackerWidget";
			sourceTree = "<group>";
		};
		57ADE499281E485A002D378D /* Shared */ = {
			isa = PBXGroup;
			children = (
				5763EA8828235A4300A7F46D /* WidgetIntents.intentdefinition */,
				5745A113281FBD780013EB0C /* DebugPrint.swift */,
				5745A110281FB5450013EB0C /* CovidCountriesDataStore.swift */,
				57ADE4B4281E5998002D378D /* Models */,
				57ADE4B3281E5984002D378D /* Extensions */,
			);
			path = Shared;
			sourceTree = "<group>";
		};
		57ADE4A5281E529B002D378D /* WidgetViews */ = {
			isa = PBXGroup;
			children = (
				57ADE4A6281E52C0002D378D /* CovidConfirmedRankingView.swift */,
			);
			path = WidgetViews;
			sourceTree = "<group>";
		};
		57ADE4AE281E542F002D378D /* Entries */ = {
			isa = PBXGroup;
			children = (
				57ADE491281E45B6002D378D /* CovidEntry.swift */,
				57ADE4AC281E5424002D378D /* CovidEntryStubs.swift */,
			);
			path = Entries;
			sourceTree = "<group>";
		};
		57ADE4B0281E543B002D378D /* Timelines */ = {
			isa = PBXGroup;
			children = (
				57ADE494281E4609002D378D /* CovidIntentTimelineProvider.swift */,
			);
			path = Timelines;
			sourceTree = "<group>";
		};
		57ADE4B3281E5984002D378D /* Extensions */ = {
			isa = PBXGroup;
			children = (
				57DE708A281B146F0042591F /* String+Extensions.swift */,
				57F346C1281C497700B6571A /* Number+Extensions.swift */,
				57ADE4BE281FAED5002D378D /* FileManager+Extensions.swift */,
				5763EAB128235C2900A7F46D /* Country+Extensions.swift */,
			);
			path = Extensions;
			sourceTree = "<group>";
		};
		57ADE4B4281E5998002D378D /* Models */ = {
			isa = PBXGroup;
			children = (
				57C6EA94281FE2F70042094A /* CovidCountryData.swift */,
				57D53C072816C85A00BFB1D1 /* SortType.swift */,
				57ADE4A9281E537A002D378D /* SharedStubs.swift */,
			);
			path = Models;
			sourceTree = "<group>";
		};
		57C6EA97281FE3340042094A /* Models */ = {
			isa = PBXGroup;
			children = (
				57DB773928145CD3004C052B /* CovidCountriesResponse.swift */,
			);
			path = Models;
			sourceTree = "<group>";
		};
		57C6EA9E281FE6A80042094A /* DeeplinkResolver */ = {
			isa = PBXGroup;
			children = (
				57C6EA9A281FE6830042094A /* DeeplinkResolver.swift */,
				57C6EA9C281FE69A0042094A /* DeeplinkResolver+Targets.swift */,
				57C6EAA1281FF92F0042094A /* Deeplink.swift */,
			);
			path = DeeplinkResolver;
			sourceTree = "<group>";
		};
		57D53C0B28171E0000BFB1D1 /* CountryListAvailable */ = {
			isa = PBXGroup;
			children = (
				57DE706A28171FD60042591F /* CountryListAvailableView.swift */,
				57D53C0C28171E1500BFB1D1 /* CountryListAvailable+Reducer.swift */,
			);
			path = CountryListAvailable;
			sourceTree = "<group>";
		};
		57DB76F928145CAA004C052B = {
			isa = PBXGroup;
			children = (
				57DB772F28145CD3004C052B /* Packages */,
				57ADE499281E485A002D378D /* Shared */,
				57DB770428145CAA004C052B /* COVID-19-Tracker */,
				57DB771528145CAB004C052B /* COVID-19-TrackerTests */,
				57ADE484281E4320002D378D /* COVID-19-TrackerWidget */,
				5763EA9128235B4200A7F46D /* COVID-19-TrackerIntents */,
				57DB770328145CAA004C052B /* Products */,
				57DB774428145CE8004C052B /* Frameworks */,
			);
			sourceTree = "<group>";
		};
		57DB770328145CAA004C052B /* Products */ = {
			isa = PBXGroup;
			children = (
				57DB770228145CAA004C052B /* COVID-19-Tracker.app */,
				57DB771228145CAB004C052B /* COVID-19-TrackerTests.xctest */,
				57ADE47F281E4320002D378D /* COVID-19-TrackerWidgetExtension.appex */,
				5763EA8E28235B4200A7F46D /* COVID-19-TrackerIntents.appex */,
			);
			name = Products;
			sourceTree = "<group>";
		};
		57DB770428145CAA004C052B /* COVID-19-Tracker */ = {
			isa = PBXGroup;
			children = (
				57C6EA99281FE50B0042094A /* Info.plist */,
				57ADE4B7281E8B32002D378D /* COVID-19-Tracker.entitlements */,
				57DB770528145CAA004C052B /* COVID_19_TrackerApp.swift */,
				5763EA7628203A2300A7F46D /* LaunchScreen.storyboard */,
				5763EA7B2820D7FE00A7F46D /* Operations */,
				5763EA862820E22A00A7F46D /* BGTaskService */,
				57C6EA9E281FE6A80042094A /* DeeplinkResolver */,
				57DE708C281B15020042591F /* Shared */,
				57DB775D281559C0004C052B /* Extensions */,
				57DE708D281B163D0042591F /* Scenes */,
				57DB770928145CAB004C052B /* Assets.xcassets */,
				57DB770B28145CAB004C052B /* Preview Content */,
			);
			path = "COVID-19-Tracker";
			sourceTree = "<group>";
		};
		57DB770B28145CAB004C052B /* Preview Content */ = {
			isa = PBXGroup;
			children = (
				57DB770C28145CAB004C052B /* Preview Assets.xcassets */,
			);
			path = "Preview Content";
			sourceTree = "<group>";
		};
		57DB771528145CAB004C052B /* COVID-19-TrackerTests */ = {
			isa = PBXGroup;
			children = (
				57DB771628145CAB004C052B /* COVID_19_TrackerTests.swift */,
			);
			path = "COVID-19-TrackerTests";
			sourceTree = "<group>";
		};
		57DB772F28145CD3004C052B /* Packages */ = {
			isa = PBXGroup;
			children = (
				5763EA7A2820D6D400A7F46D /* AsyncOperation */,
				57ADE4B9281E8DDF002D378D /* ColorPalette */,
				57DB773028145CD3004C052B /* Networking */,
				57DB773128145CD3004C052B /* SharedDateFormatter */,
			);
			path = Packages;
			sourceTree = "<group>";
		};
		57DB773228145CD3004C052B /* CountryList */ = {
			isa = PBXGroup;
			children = (
				57DB773728145CD3004C052B /* Domain */,
				57DE706F2819BCEC0042591F /* Components */,
				57DB773328145CD3004C052B /* Scenes */,
			);
			path = CountryList;
			sourceTree = "<group>";
		};
		57DB773328145CD3004C052B /* Scenes */ = {
			isa = PBXGroup;
			children = (
				57DB773628145CD3004C052B /* CountryListView.swift */,
				57DB773428145CD3004C052B /* CountryList+Reducer.swift */,
				57DB773528145CD3004C052B /* CountryList+Environment.swift */,
				57DE7084281B124A0042591F /* CountryList+UIState.swift */,
				57DE707C281B05C70042591F /* CountryListError */,
				57DB774C28145E34004C052B /* CountryListContent */,
				57D53C0B28171E0000BFB1D1 /* CountryListAvailable */,
				57DE7081281B0AF80042591F /* CountryListEmpty */,
			);
			path = Scenes;
			sourceTree = "<group>";
		};
		57DB773728145CD3004C052B /* Domain */ = {
			isa = PBXGroup;
			children = (
				57DB773A28145CD3004C052B /* CountryListUseCase.swift */,
				57DB773B28145CD3004C052B /* CountryListEndpoint.swift */,
				57DB775328146199004C052B /* CountryListStubs.swift */,
				57C6EA97281FE3340042094A /* Models */,
			);
			path = Domain;
			sourceTree = "<group>";
		};
		57DB774428145CE8004C052B /* Frameworks */ = {
			isa = PBXGroup;
			children = (
				57ADE480281E4320002D378D /* WidgetKit.framework */,
				57ADE482281E4320002D378D /* SwiftUI.framework */,
				5763EA8F28235B4200A7F46D /* Intents.framework */,
				5763EA9A28235B4200A7F46D /* IntentsUI.framework */,
			);
			name = Frameworks;
			sourceTree = "<group>";
		};
		57DB774C28145E34004C052B /* CountryListContent */ = {
			isa = PBXGroup;
			children = (
				57DB774F28145E5F004C052B /* CountryListContentView.swift */,
				57DB775128145E7E004C052B /* CountryListContent+Reducer.swift */,
				57DE7086281B128D0042591F /* CountryListContent+ContentState.swift */,
			);
			path = CountryListContent;
			sourceTree = "<group>";
		};
		57DB775C28154CEE004C052B /* CovidCountryCard */ = {
			isa = PBXGroup;
			children = (
				57DB775728146A43004C052B /* CovidCountryCardView.swift */,
				57DB775A2814E2E1004C052B /* CovidCountryCard+Reducer.swift */,
				57DE7088281B135E0042591F /* CovidCountryCard+Style.swift */,
			);
			path = CovidCountryCard;
			sourceTree = "<group>";
		};
		57DB775D281559C0004C052B /* Extensions */ = {
			isa = PBXGroup;
			children = (
				57DE7078281AC58B0042591F /* View+Extensions.swift */,
				57DE707A281AC86A0042591F /* EnvironmentValues+Extensions.swift */,
				57DE7094281BFD0F0042591F /* UINavigationController+Extensions.swift */,
				57C6EA9F281FF0F60042094A /* URL+Extensions.swift */,
			);
			path = Extensions;
			sourceTree = "<group>";
		};
		57DE706F2819BCEC0042591F /* Components */ = {
			isa = PBXGroup;
			children = (
				57DE706C2819BB8E0042591F /* CountryListNavigationView.swift */,
				57DB775C28154CEE004C052B /* CovidCountryCard */,
			);
			path = Components;
			sourceTree = "<group>";
		};
		57DE707C281B05C70042591F /* CountryListError */ = {
			isa = PBXGroup;
			children = (
				57DE707D281B05D70042591F /* CountryListErrorView.swift */,
				57DE707F281B0A640042591F /* CountryListError+Reducer.swift */,
			);
			path = CountryListError;
			sourceTree = "<group>";
		};
		57DE7081281B0AF80042591F /* CountryListEmpty */ = {
			isa = PBXGroup;
			children = (
				57DE7082281B0B0A0042591F /* CountryListEmptyView.swift */,
			);
			path = CountryListEmpty;
			sourceTree = "<group>";
		};
		57DE708C281B15020042591F /* Shared */ = {
			isa = PBXGroup;
			children = (
				57DE70732819C6A10042591F /* ToastState.swift */,
				57ADE458281C5E28002D378D /* SFSafariView.swift */,
				57ADE47A281E3D56002D378D /* ChartFormatter */,
			);
			path = Shared;
			sourceTree = "<group>";
		};
		57DE708D281B163D0042591F /* Scenes */ = {
			isa = PBXGroup;
			children = (
				57DB773228145CD3004C052B /* CountryList */,
				57DE708E281BD0FC0042591F /* CountryDetail */,
			);
			path = Scenes;
			sourceTree = "<group>";
		};
		57DE708E281BD0FC0042591F /* CountryDetail */ = {
			isa = PBXGroup;
			children = (
				57F346BE281C3CA200B6571A /* Domain */,
				57F346C3281C4C7200B6571A /* Components */,
				57DE708F281BD1050042591F /* Scenes */,
			);
			path = CountryDetail;
			sourceTree = "<group>";
		};
		57DE708F281BD1050042591F /* Scenes */ = {
			isa = PBXGroup;
			children = (
				57DE7090281BD1110042591F /* CountryDetailView.swift */,
				57DE7092281BED9A0042591F /* CountryDetail+Reducer.swift */,
			);
			path = Scenes;
			sourceTree = "<group>";
		};
		57F346BE281C3CA200B6571A /* Domain */ = {
			isa = PBXGroup;
			children = (
				57F346BF281C3CAE00B6571A /* CountryDetailStubs.swift */,
				57ADE473281D5516002D378D /* Models */,
			);
			path = Domain;
			sourceTree = "<group>";
		};
		57F346C3281C4C7200B6571A /* Components */ = {
			isa = PBXGroup;
			children = (
				57ADE471281D531E002D378D /* CovidLineChartView.swift */,
				57ADE45C281D090A002D378D /* CovidChartView.swift */,
				57ADE476281D58C1002D378D /* CovidEntryLegendView.swift */,
				57F346C4281C4CE800B6571A /* CovidStatisticsView.swift */,
				57ADE454281C52B4002D378D /* CovidInformationView.swift */,
				57ADE456281C53CD002D378D /* FootnoteView.swift */,
			);
			path = Components;
			sourceTree = "<group>";
		};
/* End PBXGroup section */

/* Begin PBXNativeTarget section */
		5763EA8D28235B4200A7F46D /* COVID-19-TrackerIntents */ = {
			isa = PBXNativeTarget;
			buildConfigurationList = 5763EAAC28235B4300A7F46D /* Build configuration list for PBXNativeTarget "COVID-19-TrackerIntents" */;
			buildPhases = (
				5763EA8A28235B4200A7F46D /* Sources */,
				5763EA8B28235B4200A7F46D /* Frameworks */,
				5763EA8C28235B4200A7F46D /* Resources */,
			);
			buildRules = (
			);
			dependencies = (
			);
			name = "COVID-19-TrackerIntents";
			packageProductDependencies = (
				5763EABC2823646D00A7F46D /* SharedDateFormatter */,
			);
			productName = "COVID-19-TrackerIntents";
			productReference = 5763EA8E28235B4200A7F46D /* COVID-19-TrackerIntents.appex */;
			productType = "com.apple.product-type.app-extension";
		};
		57ADE47E281E4320002D378D /* COVID-19-TrackerWidgetExtension */ = {
			isa = PBXNativeTarget;
			buildConfigurationList = 57ADE48D281E4323002D378D /* Build configuration list for PBXNativeTarget "COVID-19-TrackerWidgetExtension" */;
			buildPhases = (
				57ADE47B281E4320002D378D /* Sources */,
				57ADE47C281E4320002D378D /* Frameworks */,
				57ADE47D281E4320002D378D /* Resources */,
			);
			buildRules = (
			);
			dependencies = (
			);
			name = "COVID-19-TrackerWidgetExtension";
			packageProductDependencies = (
				57ADE49E281E4C47002D378D /* SharedDateFormatter */,
				57ADE4BC281E8ECA002D378D /* ColorPalette */,
			);
			productName = "COVID-19-TrackerWidgetExtension";
			productReference = 57ADE47F281E4320002D378D /* COVID-19-TrackerWidgetExtension.appex */;
			productType = "com.apple.product-type.app-extension";
		};
		57DB770128145CAA004C052B /* COVID-19-Tracker */ = {
			isa = PBXNativeTarget;
			buildConfigurationList = 57DB772628145CAB004C052B /* Build configuration list for PBXNativeTarget "COVID-19-Tracker" */;
			buildPhases = (
				57DB76FE28145CAA004C052B /* Sources */,
				57DB76FF28145CAA004C052B /* Frameworks */,
				57DB770028145CAA004C052B /* Resources */,
				57ADE490281E4323002D378D /* Embed App Extensions */,
			);
			buildRules = (
			);
			dependencies = (
				57ADE48B281E4323002D378D /* PBXTargetDependency */,
				5763EAA728235B4200A7F46D /* PBXTargetDependency */,
			);
			name = "COVID-19-Tracker";
			packageProductDependencies = (
				57DB774528145CE8004C052B /* Networking */,
				57DB774728145CE8004C052B /* SharedDateFormatter */,
				57DB774A28145D12004C052B /* ComposableArchitecture */,
				57DE70712819C6660042591F /* AlertToast */,
				57ADE462281D0DFB002D378D /* Charts */,
				57ADE4BA281E8EA8002D378D /* ColorPalette */,
				5763EA7E2820DAAB00A7F46D /* AsyncOperation */,
			);
			productName = "COVID-19-Tracker";
			productReference = 57DB770228145CAA004C052B /* COVID-19-Tracker.app */;
			productType = "com.apple.product-type.application";
		};
		57DB771128145CAB004C052B /* COVID-19-TrackerTests */ = {
			isa = PBXNativeTarget;
			buildConfigurationList = 57DB772928145CAB004C052B /* Build configuration list for PBXNativeTarget "COVID-19-TrackerTests" */;
			buildPhases = (
				57DB770E28145CAB004C052B /* Sources */,
				57DB770F28145CAB004C052B /* Frameworks */,
				57DB771028145CAB004C052B /* Resources */,
			);
			buildRules = (
			);
			dependencies = (
				57DB771428145CAB004C052B /* PBXTargetDependency */,
			);
			name = "COVID-19-TrackerTests";
			productName = "COVID-19-TrackerTests";
			productReference = 57DB771228145CAB004C052B /* COVID-19-TrackerTests.xctest */;
			productType = "com.apple.product-type.bundle.unit-test";
		};
/* End PBXNativeTarget section */

/* Begin PBXProject section */
		57DB76FA28145CAA004C052B /* Project object */ = {
			isa = PBXProject;
			attributes = {
				BuildIndependentTargetsInParallel = 1;
				LastSwiftUpdateCheck = 1330;
				LastUpgradeCheck = 1330;
				TargetAttributes = {
					5763EA8D28235B4200A7F46D = {
						CreatedOnToolsVersion = 13.3.1;
					};
					57ADE47E281E4320002D378D = {
						CreatedOnToolsVersion = 13.3.1;
					};
					57DB770128145CAA004C052B = {
						CreatedOnToolsVersion = 13.3.1;
					};
					57DB771128145CAB004C052B = {
						CreatedOnToolsVersion = 13.3.1;
						TestTargetID = 57DB770128145CAA004C052B;
					};
				};
			};
			buildConfigurationList = 57DB76FD28145CAA004C052B /* Build configuration list for PBXProject "COVID-19-Tracker" */;
			compatibilityVersion = "Xcode 13.0";
			developmentRegion = en;
			hasScannedForEncodings = 0;
			knownRegions = (
				en,
				Base,
			);
			mainGroup = 57DB76F928145CAA004C052B;
			packageReferences = (
				57DB774928145D12004C052B /* XCRemoteSwiftPackageReference "swift-composable-architecture" */,
				57DE70702819C6650042591F /* XCRemoteSwiftPackageReference "AlertToast" */,
				57ADE461281D0DFA002D378D /* XCRemoteSwiftPackageReference "Charts" */,
			);
			productRefGroup = 57DB770328145CAA004C052B /* Products */;
			projectDirPath = "";
			projectRoot = "";
			targets = (
				57DB770128145CAA004C052B /* COVID-19-Tracker */,
				57DB771128145CAB004C052B /* COVID-19-TrackerTests */,
				57ADE47E281E4320002D378D /* COVID-19-TrackerWidgetExtension */,
				5763EA8D28235B4200A7F46D /* COVID-19-TrackerIntents */,
			);
		};
/* End PBXProject section */

/* Begin PBXResourcesBuildPhase section */
		5763EA8C28235B4200A7F46D /* Resources */ = {
			isa = PBXResourcesBuildPhase;
			buildActionMask = 2147483647;
			files = (
			);
			runOnlyForDeploymentPostprocessing = 0;
		};
		57ADE47D281E4320002D378D /* Resources */ = {
			isa = PBXResourcesBuildPhase;
			buildActionMask = 2147483647;
			files = (
				57ADE488281E4323002D378D /* Assets.xcassets in Resources */,
			);
			runOnlyForDeploymentPostprocessing = 0;
		};
		57DB770028145CAA004C052B /* Resources */ = {
			isa = PBXResourcesBuildPhase;
			buildActionMask = 2147483647;
			files = (
				57DB773D28145CD4004C052B /* SharedDateFormatter in Resources */,
				57DB773C28145CD4004C052B /* Networking in Resources */,
				57DB770D28145CAB004C052B /* Preview Assets.xcassets in Resources */,
				5763EA7728203A2300A7F46D /* LaunchScreen.storyboard in Resources */,
				57DB770A28145CAB004C052B /* Assets.xcassets in Resources */,
			);
			runOnlyForDeploymentPostprocessing = 0;
		};
		57DB771028145CAB004C052B /* Resources */ = {
			isa = PBXResourcesBuildPhase;
			buildActionMask = 2147483647;
			files = (
			);
			runOnlyForDeploymentPostprocessing = 0;
		};
/* End PBXResourcesBuildPhase section */

/* Begin PBXSourcesBuildPhase section */
		5763EA8A28235B4200A7F46D /* Sources */ = {
			isa = PBXSourcesBuildPhase;
			buildActionMask = 2147483647;
			files = (
				5763EAAF28235BB400A7F46D /* WidgetIntents.intentdefinition in Sources */,
				5763EAB428235D5000A7F46D /* FileManager+Extensions.swift in Sources */,
				5763EAB928235FE700A7F46D /* Country+Extensions.swift in Sources */,
				5763EAB328235D2900A7F46D /* CovidCountriesDataStore.swift in Sources */,
				5763EAB828235E1100A7F46D /* SortType.swift in Sources */,
				5763EA9328235B4200A7F46D /* IntentHandler.swift in Sources */,
				5763EAB628235DFF00A7F46D /* String+Extensions.swift in Sources */,
				5763EAB728235E0600A7F46D /* Number+Extensions.swift in Sources */,
				5763EAB528235DF500A7F46D /* CovidCountryData.swift in Sources */,
			);
			runOnlyForDeploymentPostprocessing = 0;
		};
		57ADE47B281E4320002D378D /* Sources */ = {
			isa = PBXSourcesBuildPhase;
			buildActionMask = 2147483647;
			files = (
				57ADE493281E45E4002D378D /* CovidEntry.swift in Sources */,
				57ADE4B5281E5DD9002D378D /* SortType.swift in Sources */,
				57ADE4A8281E52D5002D378D /* CovidConfirmedRankingView.swift in Sources */,
				57ADE4AF281E5436002D378D /* CovidEntryStubs.swift in Sources */,
				5763EAC128237B8200A7F46D /* COVID_19_TrackerWidgetBundle.swift in Sources */,
				5763EAB028235BB500A7F46D /* WidgetIntents.intentdefinition in Sources */,
				5763EABB2823629400A7F46D /* Country+Extensions.swift in Sources */,
				57ADE4C0281FAED6002D378D /* FileManager+Extensions.swift in Sources */,
				57ADE486281E4320002D378D /* COVID_19_TrackerWidget.swift in Sources */,
				57ADE496281E460F002D378D /* CovidIntentTimelineProvider.swift in Sources */,
				57C6EA96281FE30B0042094A /* CovidCountryData.swift in Sources */,
				5745A112281FB5450013EB0C /* CovidCountriesDataStore.swift in Sources */,
				5745A115281FBD780013EB0C /* DebugPrint.swift in Sources */,
				57ADE49C281E4BCE002D378D /* String+Extensions.swift in Sources */,
				57ADE49D281E4BE2002D378D /* Number+Extensions.swift in Sources */,
				57ADE4B6281E864D002D378D /* SharedStubs.swift in Sources */,
			);
			runOnlyForDeploymentPostprocessing = 0;
		};
		57DB76FE28145CAA004C052B /* Sources */ = {
			isa = PBXSourcesBuildPhase;
			buildActionMask = 2147483647;
			files = (
				57ADE459281C5E28002D378D /* SFSafariView.swift in Sources */,
				57ADE472281D531E002D378D /* CovidLineChartView.swift in Sources */,
				57DB775828146A43004C052B /* CovidCountryCardView.swift in Sources */,
				57C6EA9D281FE69A0042094A /* DeeplinkResolver+Targets.swift in Sources */,
				5763EA812820DE2100A7F46D /* OperationError.swift in Sources */,
				57F346C2281C497700B6571A /* Number+Extensions.swift in Sources */,
				57DE707E281B05D70042591F /* CountryListErrorView.swift in Sources */,
				57DB775228145E7E004C052B /* CountryListContent+Reducer.swift in Sources */,
				57DE706D2819BB8E0042591F /* CountryListNavigationView.swift in Sources */,
				57D53C0D28171E1500BFB1D1 /* CountryListAvailable+Reducer.swift in Sources */,
				5763EAB228235C2900A7F46D /* Country+Extensions.swift in Sources */,
				57DB774228145CD4004C052B /* CountryListUseCase.swift in Sources */,
				57ADE4AA281E537A002D378D /* SharedStubs.swift in Sources */,
				57DB774328145CD4004C052B /* CountryListEndpoint.swift in Sources */,
				57DB775028145E5F004C052B /* CountryListContentView.swift in Sources */,
				57DE7080281B0A640042591F /* CountryListError+Reducer.swift in Sources */,
				57ADE475281D551C002D378D /* CovidChartEntry.swift in Sources */,
				57ADE457281C53CD002D378D /* FootnoteView.swift in Sources */,
				57DE7083281B0B0A0042591F /* CountryListEmptyView.swift in Sources */,
				57C6EAA0281FF0F60042094A /* URL+Extensions.swift in Sources */,
				57DE707B281AC86A0042591F /* EnvironmentValues+Extensions.swift in Sources */,
				57F346C0281C3CAF00B6571A /* CountryDetailStubs.swift in Sources */,
				5763EA8928235A4300A7F46D /* WidgetIntents.intentdefinition in Sources */,
				57ADE479281D5F27002D378D /* ChartMode.swift in Sources */,
				5745A111281FB5450013EB0C /* CovidCountriesDataStore.swift in Sources */,
				57ADE45D281D090A002D378D /* CovidChartView.swift in Sources */,
				5745A114281FBD780013EB0C /* DebugPrint.swift in Sources */,
				57ADE46C281D3D91002D378D /* LargeValueFormatter.swift in Sources */,
				57DB773F28145CD4004C052B /* CountryList+Environment.swift in Sources */,
				57DE7093281BED9A0042591F /* CountryDetail+Reducer.swift in Sources */,
				57DE7091281BD1110042591F /* CountryDetailView.swift in Sources */,
				57DE706B28171FD60042591F /* CountryListAvailableView.swift in Sources */,
				57ADE4BF281FAED5002D378D /* FileManager+Extensions.swift in Sources */,
				57DB770628145CAA004C052B /* COVID_19_TrackerApp.swift in Sources */,
				5763EA792820D31B00A7F46D /* BGTaskService.swift in Sources */,
				5763EA832820E03100A7F46D /* SaveCovidCountriesToDiskOperation.swift in Sources */,
				57DE7079281AC58B0042591F /* View+Extensions.swift in Sources */,
				57DE70742819C6A10042591F /* ToastState.swift in Sources */,
				57DE7087281B128D0042591F /* CountryListContent+ContentState.swift in Sources */,
				57DE7089281B135E0042591F /* CovidCountryCard+Style.swift in Sources */,
				5763EA7D2820D81C00A7F46D /* FetchCovidCountriesOperation.swift in Sources */,
				57DE7085281B124A0042591F /* CountryList+UIState.swift in Sources */,
				57DB775B2814E2E1004C052B /* CovidCountryCard+Reducer.swift in Sources */,
				57DB773E28145CD4004C052B /* CountryList+Reducer.swift in Sources */,
				57ADE46A281D3978002D378D /* DateValueFormatter.swift in Sources */,
				57DB774028145CD4004C052B /* CountryListView.swift in Sources */,
				57ADE455281C52B4002D378D /* CovidInformationView.swift in Sources */,
				57C6EA9B281FE6830042094A /* DeeplinkResolver.swift in Sources */,
				57C6EA95281FE2F70042094A /* CovidCountryData.swift in Sources */,
				57ADE477281D58C1002D378D /* CovidEntryLegendView.swift in Sources */,
				57DE708B281B146F0042591F /* String+Extensions.swift in Sources */,
				57DE7095281BFD0F0042591F /* UINavigationController+Extensions.swift in Sources */,
				57DB774128145CD4004C052B /* CovidCountriesResponse.swift in Sources */,
				57D53C082816C85A00BFB1D1 /* SortType.swift in Sources */,
				57DB775428146199004C052B /* CountryListStubs.swift in Sources */,
				57F346C5281C4CE800B6571A /* CovidStatisticsView.swift in Sources */,
				5763EA852820E20900A7F46D /* RefreshCovidCountriesService.swift in Sources */,
				57C6EAA2281FF92F0042094A /* Deeplink.swift in Sources */,
			);
			runOnlyForDeploymentPostprocessing = 0;
		};
		57DB770E28145CAB004C052B /* Sources */ = {
			isa = PBXSourcesBuildPhase;
			buildActionMask = 2147483647;
			files = (
				57DB771728145CAB004C052B /* COVID_19_TrackerTests.swift in Sources */,
			);
			runOnlyForDeploymentPostprocessing = 0;
		};
/* End PBXSourcesBuildPhase section */

/* Begin PBXTargetDependency section */
		5763EAA728235B4200A7F46D /* PBXTargetDependency */ = {
			isa = PBXTargetDependency;
			target = 5763EA8D28235B4200A7F46D /* COVID-19-TrackerIntents */;
			targetProxy = 5763EAA628235B4200A7F46D /* PBXContainerItemProxy */;
		};
		57ADE48B281E4323002D378D /* PBXTargetDependency */ = {
			isa = PBXTargetDependency;
			target = 57ADE47E281E4320002D378D /* COVID-19-TrackerWidgetExtension */;
			targetProxy = 57ADE48A281E4323002D378D /* PBXContainerItemProxy */;
		};
		57DB771428145CAB004C052B /* PBXTargetDependency */ = {
			isa = PBXTargetDependency;
			target = 57DB770128145CAA004C052B /* COVID-19-Tracker */;
			targetProxy = 57DB771328145CAB004C052B /* PBXContainerItemProxy */;
		};
/* End PBXTargetDependency section */

/* Begin XCBuildConfiguration section */
		5763EAAD28235B4300A7F46D /* Debug */ = {
			isa = XCBuildConfiguration;
			buildSettings = {
				CODE_SIGN_ENTITLEMENTS = "COVID-19-TrackerIntents/COVID-19-TrackerIntents.entitlements";
				CODE_SIGN_STYLE = Automatic;
				CURRENT_PROJECT_VERSION = 1;
				DEVELOPMENT_TEAM = 44ANS5M7N7;
				GENERATE_INFOPLIST_FILE = YES;
				INFOPLIST_FILE = "COVID-19-TrackerIntents/Info.plist";
				INFOPLIST_KEY_CFBundleDisplayName = "COVID-19-TrackerIntents";
				INFOPLIST_KEY_NSHumanReadableCopyright = "";
				LD_RUNPATH_SEARCH_PATHS = (
					"$(inherited)",
					"@executable_path/Frameworks",
					"@executable_path/../../Frameworks",
				);
				MARKETING_VERSION = 1.0;
				PRODUCT_BUNDLE_IDENTIFIER = "com.example.COVID-19-Tracker.COVID-19-TrackerIntents";
				PRODUCT_NAME = "$(TARGET_NAME)";
				SKIP_INSTALL = YES;
				SWIFT_EMIT_LOC_STRINGS = YES;
				SWIFT_VERSION = 5.0;
				TARGETED_DEVICE_FAMILY = "1,2";
			};
			name = Debug;
		};
		5763EAAE28235B4300A7F46D /* Release */ = {
			isa = XCBuildConfiguration;
			buildSettings = {
				CODE_SIGN_ENTITLEMENTS = "COVID-19-TrackerIntents/COVID-19-TrackerIntents.entitlements";
				CODE_SIGN_STYLE = Automatic;
				CURRENT_PROJECT_VERSION = 1;
				DEVELOPMENT_TEAM = 44ANS5M7N7;
				GENERATE_INFOPLIST_FILE = YES;
				INFOPLIST_FILE = "COVID-19-TrackerIntents/Info.plist";
				INFOPLIST_KEY_CFBundleDisplayName = "COVID-19-TrackerIntents";
				INFOPLIST_KEY_NSHumanReadableCopyright = "";
				LD_RUNPATH_SEARCH_PATHS = (
					"$(inherited)",
					"@executable_path/Frameworks",
					"@executable_path/../../Frameworks",
				);
				MARKETING_VERSION = 1.0;
				PRODUCT_BUNDLE_IDENTIFIER = "com.example.COVID-19-Tracker.COVID-19-TrackerIntents";
				PRODUCT_NAME = "$(TARGET_NAME)";
				SKIP_INSTALL = YES;
				SWIFT_EMIT_LOC_STRINGS = YES;
				SWIFT_VERSION = 5.0;
				TARGETED_DEVICE_FAMILY = "1,2";
			};
			name = Release;
		};
		57ADE48E281E4323002D378D /* Debug */ = {
			isa = XCBuildConfiguration;
			buildSettings = {
				ASSETCATALOG_COMPILER_GLOBAL_ACCENT_COLOR_NAME = AccentColor;
				ASSETCATALOG_COMPILER_WIDGET_BACKGROUND_COLOR_NAME = WidgetBackground;
				CODE_SIGN_ENTITLEMENTS = "COVID-19-TrackerWidget/COVID-19-TrackerWidgetExtension.entitlements";
				CODE_SIGN_STYLE = Automatic;
				CURRENT_PROJECT_VERSION = 1;
				DEVELOPMENT_TEAM = 44ANS5M7N7;
				GENERATE_INFOPLIST_FILE = YES;
				INFOPLIST_FILE = "COVID-19-TrackerWidget/Info.plist";
				INFOPLIST_KEY_CFBundleDisplayName = "COVID-19-TrackerWidget";
				INFOPLIST_KEY_NSHumanReadableCopyright = "";
				LD_RUNPATH_SEARCH_PATHS = (
					"$(inherited)",
					"@executable_path/Frameworks",
					"@executable_path/../../Frameworks",
				);
				MARKETING_VERSION = 1.0;
				PRODUCT_BUNDLE_IDENTIFIER = "com.example.COVID-19-Tracker.COVID-19-TrackerWidget";
				PRODUCT_NAME = "$(TARGET_NAME)";
				SKIP_INSTALL = YES;
				SWIFT_EMIT_LOC_STRINGS = YES;
				SWIFT_VERSION = 5.0;
				TARGETED_DEVICE_FAMILY = "1,2";
			};
			name = Debug;
		};
		57ADE48F281E4323002D378D /* Release */ = {
			isa = XCBuildConfiguration;
			buildSettings = {
				ASSETCATALOG_COMPILER_GLOBAL_ACCENT_COLOR_NAME = AccentColor;
				ASSETCATALOG_COMPILER_WIDGET_BACKGROUND_COLOR_NAME = WidgetBackground;
				CODE_SIGN_ENTITLEMENTS = "COVID-19-TrackerWidget/COVID-19-TrackerWidgetExtension.entitlements";
				CODE_SIGN_STYLE = Automatic;
				CURRENT_PROJECT_VERSION = 1;
				DEVELOPMENT_TEAM = 44ANS5M7N7;
				GENERATE_INFOPLIST_FILE = YES;
				INFOPLIST_FILE = "COVID-19-TrackerWidget/Info.plist";
				INFOPLIST_KEY_CFBundleDisplayName = "COVID-19-TrackerWidget";
				INFOPLIST_KEY_NSHumanReadableCopyright = "";
				LD_RUNPATH_SEARCH_PATHS = (
					"$(inherited)",
					"@executable_path/Frameworks",
					"@executable_path/../../Frameworks",
				);
				MARKETING_VERSION = 1.0;
				PRODUCT_BUNDLE_IDENTIFIER = "com.example.COVID-19-Tracker.COVID-19-TrackerWidget";
				PRODUCT_NAME = "$(TARGET_NAME)";
				SKIP_INSTALL = YES;
				SWIFT_EMIT_LOC_STRINGS = YES;
				SWIFT_VERSION = 5.0;
				TARGETED_DEVICE_FAMILY = "1,2";
			};
			name = Release;
		};
		57DB772428145CAB004C052B /* Debug */ = {
			isa = XCBuildConfiguration;
			buildSettings = {
				ALWAYS_SEARCH_USER_PATHS = NO;
				CLANG_ANALYZER_NONNULL = YES;
				CLANG_ANALYZER_NUMBER_OBJECT_CONVERSION = YES_AGGRESSIVE;
				CLANG_CXX_LANGUAGE_STANDARD = "gnu++17";
				CLANG_ENABLE_MODULES = YES;
				CLANG_ENABLE_OBJC_ARC = YES;
				CLANG_ENABLE_OBJC_WEAK = YES;
				CLANG_WARN_BLOCK_CAPTURE_AUTORELEASING = YES;
				CLANG_WARN_BOOL_CONVERSION = YES;
				CLANG_WARN_COMMA = YES;
				CLANG_WARN_CONSTANT_CONVERSION = YES;
				CLANG_WARN_DEPRECATED_OBJC_IMPLEMENTATIONS = YES;
				CLANG_WARN_DIRECT_OBJC_ISA_USAGE = YES_ERROR;
				CLANG_WARN_DOCUMENTATION_COMMENTS = YES;
				CLANG_WARN_EMPTY_BODY = YES;
				CLANG_WARN_ENUM_CONVERSION = YES;
				CLANG_WARN_INFINITE_RECURSION = YES;
				CLANG_WARN_INT_CONVERSION = YES;
				CLANG_WARN_NON_LITERAL_NULL_CONVERSION = YES;
				CLANG_WARN_OBJC_IMPLICIT_RETAIN_SELF = YES;
				CLANG_WARN_OBJC_LITERAL_CONVERSION = YES;
				CLANG_WARN_OBJC_ROOT_CLASS = YES_ERROR;
				CLANG_WARN_QUOTED_INCLUDE_IN_FRAMEWORK_HEADER = YES;
				CLANG_WARN_RANGE_LOOP_ANALYSIS = YES;
				CLANG_WARN_STRICT_PROTOTYPES = YES;
				CLANG_WARN_SUSPICIOUS_MOVE = YES;
				CLANG_WARN_UNGUARDED_AVAILABILITY = YES_AGGRESSIVE;
				CLANG_WARN_UNREACHABLE_CODE = YES;
				CLANG_WARN__DUPLICATE_METHOD_MATCH = YES;
				COPY_PHASE_STRIP = NO;
				DEBUG_INFORMATION_FORMAT = dwarf;
				ENABLE_STRICT_OBJC_MSGSEND = YES;
				ENABLE_TESTABILITY = YES;
				GCC_C_LANGUAGE_STANDARD = gnu11;
				GCC_DYNAMIC_NO_PIC = NO;
				GCC_NO_COMMON_BLOCKS = YES;
				GCC_OPTIMIZATION_LEVEL = 0;
				GCC_PREPROCESSOR_DEFINITIONS = (
					"DEBUG=1",
					"$(inherited)",
				);
				GCC_WARN_64_TO_32_BIT_CONVERSION = YES;
				GCC_WARN_ABOUT_RETURN_TYPE = YES_ERROR;
				GCC_WARN_UNDECLARED_SELECTOR = YES;
				GCC_WARN_UNINITIALIZED_AUTOS = YES_AGGRESSIVE;
				GCC_WARN_UNUSED_FUNCTION = YES;
				GCC_WARN_UNUSED_VARIABLE = YES;
				IPHONEOS_DEPLOYMENT_TARGET = 15.4;
				MTL_ENABLE_DEBUG_INFO = INCLUDE_SOURCE;
				MTL_FAST_MATH = YES;
				ONLY_ACTIVE_ARCH = YES;
				SDKROOT = iphoneos;
				SWIFT_ACTIVE_COMPILATION_CONDITIONS = DEBUG;
				SWIFT_OPTIMIZATION_LEVEL = "-Onone";
			};
			name = Debug;
		};
		57DB772528145CAB004C052B /* Release */ = {
			isa = XCBuildConfiguration;
			buildSettings = {
				ALWAYS_SEARCH_USER_PATHS = NO;
				CLANG_ANALYZER_NONNULL = YES;
				CLANG_ANALYZER_NUMBER_OBJECT_CONVERSION = YES_AGGRESSIVE;
				CLANG_CXX_LANGUAGE_STANDARD = "gnu++17";
				CLANG_ENABLE_MODULES = YES;
				CLANG_ENABLE_OBJC_ARC = YES;
				CLANG_ENABLE_OBJC_WEAK = YES;
				CLANG_WARN_BLOCK_CAPTURE_AUTORELEASING = YES;
				CLANG_WARN_BOOL_CONVERSION = YES;
				CLANG_WARN_COMMA = YES;
				CLANG_WARN_CONSTANT_CONVERSION = YES;
				CLANG_WARN_DEPRECATED_OBJC_IMPLEMENTATIONS = YES;
				CLANG_WARN_DIRECT_OBJC_ISA_USAGE = YES_ERROR;
				CLANG_WARN_DOCUMENTATION_COMMENTS = YES;
				CLANG_WARN_EMPTY_BODY = YES;
				CLANG_WARN_ENUM_CONVERSION = YES;
				CLANG_WARN_INFINITE_RECURSION = YES;
				CLANG_WARN_INT_CONVERSION = YES;
				CLANG_WARN_NON_LITERAL_NULL_CONVERSION = YES;
				CLANG_WARN_OBJC_IMPLICIT_RETAIN_SELF = YES;
				CLANG_WARN_OBJC_LITERAL_CONVERSION = YES;
				CLANG_WARN_OBJC_ROOT_CLASS = YES_ERROR;
				CLANG_WARN_QUOTED_INCLUDE_IN_FRAMEWORK_HEADER = YES;
				CLANG_WARN_RANGE_LOOP_ANALYSIS = YES;
				CLANG_WARN_STRICT_PROTOTYPES = YES;
				CLANG_WARN_SUSPICIOUS_MOVE = YES;
				CLANG_WARN_UNGUARDED_AVAILABILITY = YES_AGGRESSIVE;
				CLANG_WARN_UNREACHABLE_CODE = YES;
				CLANG_WARN__DUPLICATE_METHOD_MATCH = YES;
				COPY_PHASE_STRIP = NO;
				DEBUG_INFORMATION_FORMAT = "dwarf-with-dsym";
				ENABLE_NS_ASSERTIONS = NO;
				ENABLE_STRICT_OBJC_MSGSEND = YES;
				GCC_C_LANGUAGE_STANDARD = gnu11;
				GCC_NO_COMMON_BLOCKS = YES;
				GCC_WARN_64_TO_32_BIT_CONVERSION = YES;
				GCC_WARN_ABOUT_RETURN_TYPE = YES_ERROR;
				GCC_WARN_UNDECLARED_SELECTOR = YES;
				GCC_WARN_UNINITIALIZED_AUTOS = YES_AGGRESSIVE;
				GCC_WARN_UNUSED_FUNCTION = YES;
				GCC_WARN_UNUSED_VARIABLE = YES;
				IPHONEOS_DEPLOYMENT_TARGET = 15.4;
				MTL_ENABLE_DEBUG_INFO = NO;
				MTL_FAST_MATH = YES;
				SDKROOT = iphoneos;
				SWIFT_COMPILATION_MODE = wholemodule;
				SWIFT_OPTIMIZATION_LEVEL = "-O";
				VALIDATE_PRODUCT = YES;
			};
			name = Release;
		};
		57DB772728145CAB004C052B /* Debug */ = {
			isa = XCBuildConfiguration;
			buildSettings = {
				ALWAYS_EMBED_SWIFT_STANDARD_LIBRARIES = YES;
				ASSETCATALOG_COMPILER_APPICON_NAME = AppIcon;
				ASSETCATALOG_COMPILER_GLOBAL_ACCENT_COLOR_NAME = AccentColor;
				CODE_SIGN_ENTITLEMENTS = "COVID-19-Tracker/COVID-19-Tracker.entitlements";
				CODE_SIGN_STYLE = Automatic;
				CURRENT_PROJECT_VERSION = 1;
				DEVELOPMENT_ASSET_PATHS = "\"COVID-19-Tracker/Preview Content\"";
				DEVELOPMENT_TEAM = 44ANS5M7N7;
				ENABLE_PREVIEWS = YES;
				GENERATE_INFOPLIST_FILE = YES;
				INFOPLIST_FILE = "COVID-19-Tracker/Info.plist";
				INFOPLIST_KEY_CFBundleDisplayName = "COV-19 Tracker";
				INFOPLIST_KEY_UIApplicationSceneManifest_Generation = YES;
				INFOPLIST_KEY_UIApplicationSupportsIndirectInputEvents = YES;
				INFOPLIST_KEY_UILaunchStoryboardName = LaunchScreen;
				INFOPLIST_KEY_UISupportedInterfaceOrientations = UIInterfaceOrientationPortrait;
				INFOPLIST_KEY_UISupportedInterfaceOrientations_iPad = "UIInterfaceOrientationPortrait UIInterfaceOrientationPortraitUpsideDown UIInterfaceOrientationLandscapeLeft UIInterfaceOrientationLandscapeRight";
				INFOPLIST_KEY_UISupportedInterfaceOrientations_iPhone = UIInterfaceOrientationPortrait;
				LD_RUNPATH_SEARCH_PATHS = (
					"$(inherited)",
					"@executable_path/Frameworks",
				);
				MARKETING_VERSION = 1.0;
				PRODUCT_BUNDLE_IDENTIFIER = "com.example.COVID-19-Tracker";
				PRODUCT_NAME = "$(TARGET_NAME)";
				SWIFT_EMIT_LOC_STRINGS = YES;
				SWIFT_VERSION = 5.0;
				TARGETED_DEVICE_FAMILY = 1;
			};
			name = Debug;
		};
		57DB772828145CAB004C052B /* Release */ = {
			isa = XCBuildConfiguration;
			buildSettings = {
				ALWAYS_EMBED_SWIFT_STANDARD_LIBRARIES = YES;
				ASSETCATALOG_COMPILER_APPICON_NAME = AppIcon;
				ASSETCATALOG_COMPILER_GLOBAL_ACCENT_COLOR_NAME = AccentColor;
				CODE_SIGN_ENTITLEMENTS = "COVID-19-Tracker/COVID-19-Tracker.entitlements";
				CODE_SIGN_STYLE = Automatic;
				CURRENT_PROJECT_VERSION = 1;
				DEVELOPMENT_ASSET_PATHS = "\"COVID-19-Tracker/Preview Content\"";
				DEVELOPMENT_TEAM = 44ANS5M7N7;
				ENABLE_PREVIEWS = YES;
				GENERATE_INFOPLIST_FILE = YES;
				INFOPLIST_FILE = "COVID-19-Tracker/Info.plist";
				INFOPLIST_KEY_CFBundleDisplayName = "COV-19 Tracker";
				INFOPLIST_KEY_UIApplicationSceneManifest_Generation = YES;
				INFOPLIST_KEY_UIApplicationSupportsIndirectInputEvents = YES;
				INFOPLIST_KEY_UILaunchStoryboardName = LaunchScreen;
				INFOPLIST_KEY_UISupportedInterfaceOrientations = UIInterfaceOrientationPortrait;
				INFOPLIST_KEY_UISupportedInterfaceOrientations_iPad = "UIInterfaceOrientationPortrait UIInterfaceOrientationPortraitUpsideDown UIInterfaceOrientationLandscapeLeft UIInterfaceOrientationLandscapeRight";
				INFOPLIST_KEY_UISupportedInterfaceOrientations_iPhone = UIInterfaceOrientationPortrait;
				LD_RUNPATH_SEARCH_PATHS = (
					"$(inherited)",
					"@executable_path/Frameworks",
				);
				MARKETING_VERSION = 1.0;
				PRODUCT_BUNDLE_IDENTIFIER = "com.example.COVID-19-Tracker";
				PRODUCT_NAME = "$(TARGET_NAME)";
				SWIFT_EMIT_LOC_STRINGS = YES;
				SWIFT_VERSION = 5.0;
				TARGETED_DEVICE_FAMILY = 1;
			};
			name = Release;
		};
		57DB772A28145CAB004C052B /* Debug */ = {
			isa = XCBuildConfiguration;
			buildSettings = {
				ALWAYS_EMBED_SWIFT_STANDARD_LIBRARIES = YES;
				BUNDLE_LOADER = "$(TEST_HOST)";
				CODE_SIGN_STYLE = Automatic;
				CURRENT_PROJECT_VERSION = 1;
				DEVELOPMENT_TEAM = 44ANS5M7N7;
				GENERATE_INFOPLIST_FILE = YES;
				IPHONEOS_DEPLOYMENT_TARGET = 15.4;
				MARKETING_VERSION = 1.0;
				PRODUCT_BUNDLE_IDENTIFIER = "com.example.COVID-19-TrackerTests";
				PRODUCT_NAME = "$(TARGET_NAME)";
				SWIFT_EMIT_LOC_STRINGS = NO;
				SWIFT_VERSION = 5.0;
				TARGETED_DEVICE_FAMILY = "1,2";
				TEST_HOST = "$(BUILT_PRODUCTS_DIR)/COVID-19-Tracker.app/COVID-19-Tracker";
			};
			name = Debug;
		};
		57DB772B28145CAB004C052B /* Release */ = {
			isa = XCBuildConfiguration;
			buildSettings = {
				ALWAYS_EMBED_SWIFT_STANDARD_LIBRARIES = YES;
				BUNDLE_LOADER = "$(TEST_HOST)";
				CODE_SIGN_STYLE = Automatic;
				CURRENT_PROJECT_VERSION = 1;
				DEVELOPMENT_TEAM = 44ANS5M7N7;
				GENERATE_INFOPLIST_FILE = YES;
				IPHONEOS_DEPLOYMENT_TARGET = 15.4;
				MARKETING_VERSION = 1.0;
				PRODUCT_BUNDLE_IDENTIFIER = "com.example.COVID-19-TrackerTests";
				PRODUCT_NAME = "$(TARGET_NAME)";
				SWIFT_EMIT_LOC_STRINGS = NO;
				SWIFT_VERSION = 5.0;
				TARGETED_DEVICE_FAMILY = "1,2";
				TEST_HOST = "$(BUILT_PRODUCTS_DIR)/COVID-19-Tracker.app/COVID-19-Tracker";
			};
			name = Release;
		};
/* End XCBuildConfiguration section */

/* Begin XCConfigurationList section */
		5763EAAC28235B4300A7F46D /* Build configuration list for PBXNativeTarget "COVID-19-TrackerIntents" */ = {
			isa = XCConfigurationList;
			buildConfigurations = (
				5763EAAD28235B4300A7F46D /* Debug */,
				5763EAAE28235B4300A7F46D /* Release */,
			);
			defaultConfigurationIsVisible = 0;
			defaultConfigurationName = Release;
		};
		57ADE48D281E4323002D378D /* Build configuration list for PBXNativeTarget "COVID-19-TrackerWidgetExtension" */ = {
			isa = XCConfigurationList;
			buildConfigurations = (
				57ADE48E281E4323002D378D /* Debug */,
				57ADE48F281E4323002D378D /* Release */,
			);
			defaultConfigurationIsVisible = 0;
			defaultConfigurationName = Release;
		};
		57DB76FD28145CAA004C052B /* Build configuration list for PBXProject "COVID-19-Tracker" */ = {
			isa = XCConfigurationList;
			buildConfigurations = (
				57DB772428145CAB004C052B /* Debug */,
				57DB772528145CAB004C052B /* Release */,
			);
			defaultConfigurationIsVisible = 0;
			defaultConfigurationName = Release;
		};
		57DB772628145CAB004C052B /* Build configuration list for PBXNativeTarget "COVID-19-Tracker" */ = {
			isa = XCConfigurationList;
			buildConfigurations = (
				57DB772728145CAB004C052B /* Debug */,
				57DB772828145CAB004C052B /* Release */,
			);
			defaultConfigurationIsVisible = 0;
			defaultConfigurationName = Release;
		};
		57DB772928145CAB004C052B /* Build configuration list for PBXNativeTarget "COVID-19-TrackerTests" */ = {
			isa = XCConfigurationList;
			buildConfigurations = (
				57DB772A28145CAB004C052B /* Debug */,
				57DB772B28145CAB004C052B /* Release */,
			);
			defaultConfigurationIsVisible = 0;
			defaultConfigurationName = Release;
		};
/* End XCConfigurationList section */

/* Begin XCRemoteSwiftPackageReference section */
		57ADE461281D0DFA002D378D /* XCRemoteSwiftPackageReference "Charts" */ = {
			isa = XCRemoteSwiftPackageReference;
			repositoryURL = "https://github.com/danielgindi/Charts.git";
			requirement = {
				kind = upToNextMajorVersion;
				minimumVersion = 3.0.0;
			};
		};
		57DB774928145D12004C052B /* XCRemoteSwiftPackageReference "swift-composable-architecture" */ = {
			isa = XCRemoteSwiftPackageReference;
			repositoryURL = "https://github.com/pointfreeco/swift-composable-architecture";
			requirement = {
				kind = upToNextMajorVersion;
				minimumVersion = 0.9.0;
			};
		};
		57DE70702819C6650042591F /* XCRemoteSwiftPackageReference "AlertToast" */ = {
			isa = XCRemoteSwiftPackageReference;
			repositoryURL = "https://github.com/elai950/AlertToast.git";
			requirement = {
				kind = upToNextMajorVersion;
				minimumVersion = 1.0.0;
			};
		};
/* End XCRemoteSwiftPackageReference section */

/* Begin XCSwiftPackageProductDependency section */
		5763EA7E2820DAAB00A7F46D /* AsyncOperation */ = {
			isa = XCSwiftPackageProductDependency;
			productName = AsyncOperation;
		};
		5763EABC2823646D00A7F46D /* SharedDateFormatter */ = {
			isa = XCSwiftPackageProductDependency;
			productName = SharedDateFormatter;
		};
		57ADE462281D0DFB002D378D /* Charts */ = {
			isa = XCSwiftPackageProductDependency;
			package = 57ADE461281D0DFA002D378D /* XCRemoteSwiftPackageReference "Charts" */;
			productName = Charts;
		};
		57ADE49E281E4C47002D378D /* SharedDateFormatter */ = {
			isa = XCSwiftPackageProductDependency;
			productName = SharedDateFormatter;
		};
		57ADE4BA281E8EA8002D378D /* ColorPalette */ = {
			isa = XCSwiftPackageProductDependency;
			productName = ColorPalette;
		};
		57ADE4BC281E8ECA002D378D /* ColorPalette */ = {
			isa = XCSwiftPackageProductDependency;
			productName = ColorPalette;
		};
		57DB774528145CE8004C052B /* Networking */ = {
			isa = XCSwiftPackageProductDependency;
			productName = Networking;
		};
		57DB774728145CE8004C052B /* SharedDateFormatter */ = {
			isa = XCSwiftPackageProductDependency;
			productName = SharedDateFormatter;
		};
		57DB774A28145D12004C052B /* ComposableArchitecture */ = {
			isa = XCSwiftPackageProductDependency;
			package = 57DB774928145D12004C052B /* XCRemoteSwiftPackageReference "swift-composable-architecture" */;
			productName = ComposableArchitecture;
		};
		57DE70712819C6660042591F /* AlertToast */ = {
			isa = XCSwiftPackageProductDependency;
			package = 57DE70702819C6650042591F /* XCRemoteSwiftPackageReference "AlertToast" */;
			productName = AlertToast;
		};
/* End XCSwiftPackageProductDependency section */
	};
	rootObject = 57DB76FA28145CAA004C052B /* Project object */;
}
